// !$*UTF8*$!
{
	archiveVersion = 1;
	classes = {
	};
	objectVersion = 46;
	objects = {

/* Begin PBXAggregateTarget section */
		BE6A397C18E4793200F5631A /* Documentation */ = {
			isa = PBXAggregateTarget;
			buildConfigurationList = BE6A397D18E4793200F5631A /* Build configuration list for PBXAggregateTarget "Documentation" */;
			buildPhases = (
				BE6A398218E47B7100F5631A /* ShellScript */,
			);
			dependencies = (
				BE6A398118E47B6600F5631A /* PBXTargetDependency */,
			);
			name = Documentation;
			productName = Documentation;
		};
/* End PBXAggregateTarget section */

/* Begin PBXBuildFile section */
		1548BFD819AB5A3000267128 /* SyncanoReachability.m in Sources */ = {isa = PBXBuildFile; fileRef = 1548BFD719AB5A3000267128 /* SyncanoReachability.m */; };
		15C1F3DD19213140005E4EC4 /* UIKit.framework in Frameworks */ = {isa = PBXBuildFile; fileRef = 15C1F3DC19213140005E4EC4 /* UIKit.framework */; };
		619E42941A9E11C600787585 /* SyncanoObject.m in Sources */ = {isa = PBXBuildFile; fileRef = 619E42931A9E11C600787585 /* SyncanoObject.m */; };
		619E42971A9E14C300787585 /* SyncanoParameters.m in Sources */ = {isa = PBXBuildFile; fileRef = 619E42961A9E14C300787585 /* SyncanoParameters.m */; };
		619E429A1A9E7AA500787585 /* SyncanoArray.m in Sources */ = {isa = PBXBuildFile; fileRef = 619E42991A9E7AA500787585 /* SyncanoArray.m */; };
		61A1A5501AB74A030028217F /* APIClient.m in Sources */ = {isa = PBXBuildFile; fileRef = 61A1A54F1AB74A030028217F /* APIClient.m */; };
		61A1A5561AB767CC0028217F /* NSObject+nullSafe.m in Sources */ = {isa = PBXBuildFile; fileRef = 61A1A5551AB767CC0028217F /* NSObject+nullSafe.m */; };
		61E36E7B1AB8F62900729FC7 /* SyncanoError.m in Sources */ = {isa = PBXBuildFile; fileRef = 61E36E781AB8F62900729FC7 /* SyncanoError.m */; };
		61E36E7C1AB8F62900729FC7 /* SyncanoException.m in Sources */ = {isa = PBXBuildFile; fileRef = 61E36E7A1AB8F62900729FC7 /* SyncanoException.m */; };
		61E36E801AB9C0F100729FC7 /* Config.plist in CopyFiles */ = {isa = PBXBuildFile; fileRef = 61A1A5521AB74B9E0028217F /* Config.plist */; };
		97F8EC4AE2134AED9C970E62 /* libPods.a in Frameworks */ = {isa = PBXBuildFile; fileRef = 4CFEF72E1379411185D85EDA /* libPods.a */; };
		BEE157CA18D2F33900FFCB6B /* Foundation.framework in Frameworks */ = {isa = PBXBuildFile; fileRef = 152D0729186863B00020A116 /* Foundation.framework */; };
		BEE157ED18D2F57A00FFCB6B /* Syncano.m in Sources */ = {isa = PBXBuildFile; fileRef = 152D07521868641F0020A116 /* Syncano.m */; };
/* End PBXBuildFile section */

/* Begin PBXContainerItemProxy section */
		BE6A398018E47B6600F5631A /* PBXContainerItemProxy */ = {
			isa = PBXContainerItemProxy;
			containerPortal = 152D071A186863B00020A116 /* Project object */;
			proxyType = 1;
			remoteGlobalIDString = BEE157C818D2F33900FFCB6B;
			remoteInfo = "syncano-ios-library";
		};
/* End PBXContainerItemProxy section */

/* Begin PBXCopyFilesBuildPhase section */
		BEE157C718D2F33900FFCB6B /* CopyFiles */ = {
			isa = PBXCopyFilesBuildPhase;
			buildActionMask = 2147483647;
			dstPath = "include/$(PRODUCT_NAME)";
			dstSubfolderSpec = 16;
			files = (
				61E36E801AB9C0F100729FC7 /* Config.plist in CopyFiles */,
			);
			runOnlyForDeploymentPostprocessing = 0;
		};
/* End PBXCopyFilesBuildPhase section */

/* Begin PBXFileReference section */
		152D0729186863B00020A116 /* Foundation.framework */ = {isa = PBXFileReference; lastKnownFileType = wrapper.framework; name = Foundation.framework; path = System/Library/Frameworks/Foundation.framework; sourceTree = SDKROOT; };
		152D0737186863B00020A116 /* XCTest.framework */ = {isa = PBXFileReference; lastKnownFileType = wrapper.framework; name = XCTest.framework; path = Library/Frameworks/XCTest.framework; sourceTree = DEVELOPER_DIR; };
		152D07511868641F0020A116 /* Syncano.h */ = {isa = PBXFileReference; fileEncoding = 4; lastKnownFileType = sourcecode.c.h; name = Syncano.h; path = ../Syncano/Syncano.h; sourceTree = "<group>"; };
		152D07521868641F0020A116 /* Syncano.m */ = {isa = PBXFileReference; fileEncoding = 4; lastKnownFileType = sourcecode.c.objc; name = Syncano.m; path = ../Syncano/Syncano.m; sourceTree = "<group>"; };
		1548BFD619AB5A3000267128 /* SyncanoReachability.h */ = {isa = PBXFileReference; fileEncoding = 4; lastKnownFileType = sourcecode.c.h; name = SyncanoReachability.h; path = Syncano/SyncanoReachability.h; sourceTree = SOURCE_ROOT; };
		1548BFD719AB5A3000267128 /* SyncanoReachability.m */ = {isa = PBXFileReference; fileEncoding = 4; lastKnownFileType = sourcecode.c.objc; name = SyncanoReachability.m; path = Syncano/SyncanoReachability.m; sourceTree = SOURCE_ROOT; };
		15C0AD0D1A1E69AC009DC30E /* syncano-ios.podspec.json */ = {isa = PBXFileReference; fileEncoding = 4; lastKnownFileType = text.json; path = "syncano-ios.podspec.json"; sourceTree = SOURCE_ROOT; };
		15C1F3DC19213140005E4EC4 /* UIKit.framework */ = {isa = PBXFileReference; lastKnownFileType = wrapper.framework; name = UIKit.framework; path = System/Library/Frameworks/UIKit.framework; sourceTree = SDKROOT; };
		2B1E7E6C68734486889515FF /* Pods.release.xcconfig */ = {isa = PBXFileReference; includeInIndex = 1; lastKnownFileType = text.xcconfig; name = Pods.release.xcconfig; path = "Pods/Target Support Files/Pods/Pods.release.xcconfig"; sourceTree = "<group>"; };
		4CFEF72E1379411185D85EDA /* libPods.a */ = {isa = PBXFileReference; explicitFileType = archive.ar; includeInIndex = 0; path = libPods.a; sourceTree = BUILT_PRODUCTS_DIR; };
		6135C4D51AB73CB00050D2F5 /* syncano-ios.podspec */ = {isa = PBXFileReference; lastKnownFileType = text; path = "syncano-ios.podspec"; sourceTree = SOURCE_ROOT; };
		619E42921A9E11C600787585 /* SyncanoObject.h */ = {isa = PBXFileReference; fileEncoding = 4; lastKnownFileType = sourcecode.c.h; name = SyncanoObject.h; path = Syncano/SyncanoObject.h; sourceTree = SOURCE_ROOT; };
		619E42931A9E11C600787585 /* SyncanoObject.m */ = {isa = PBXFileReference; fileEncoding = 4; lastKnownFileType = sourcecode.c.objc; name = SyncanoObject.m; path = Syncano/SyncanoObject.m; sourceTree = SOURCE_ROOT; };
		619E42951A9E14C300787585 /* SyncanoParameters.h */ = {isa = PBXFileReference; fileEncoding = 4; lastKnownFileType = sourcecode.c.h; name = SyncanoParameters.h; path = Syncano/SyncanoParameters.h; sourceTree = SOURCE_ROOT; };
		619E42961A9E14C300787585 /* SyncanoParameters.m */ = {isa = PBXFileReference; fileEncoding = 4; lastKnownFileType = sourcecode.c.objc; name = SyncanoParameters.m; path = Syncano/SyncanoParameters.m; sourceTree = SOURCE_ROOT; };
		619E42981A9E7AA500787585 /* SyncanoArray.h */ = {isa = PBXFileReference; fileEncoding = 4; lastKnownFileType = sourcecode.c.h; name = SyncanoArray.h; path = Syncano/SyncanoArray.h; sourceTree = SOURCE_ROOT; };
		619E42991A9E7AA500787585 /* SyncanoArray.m */ = {isa = PBXFileReference; fileEncoding = 4; lastKnownFileType = sourcecode.c.objc; name = SyncanoArray.m; path = Syncano/SyncanoArray.m; sourceTree = SOURCE_ROOT; };
		61A1A54E1AB74A030028217F /* APIClient.h */ = {isa = PBXFileReference; fileEncoding = 4; lastKnownFileType = sourcecode.c.h; name = APIClient.h; path = Syncano/APIClient.h; sourceTree = SOURCE_ROOT; };
		61A1A54F1AB74A030028217F /* APIClient.m */ = {isa = PBXFileReference; fileEncoding = 4; lastKnownFileType = sourcecode.c.objc; name = APIClient.m; path = Syncano/APIClient.m; sourceTree = SOURCE_ROOT; };
		61A1A5521AB74B9E0028217F /* Config.plist */ = {isa = PBXFileReference; fileEncoding = 4; lastKnownFileType = text.plist.xml; name = Config.plist; path = Resources/Config.plist; sourceTree = "<group>"; };
		61A1A5531AB759420028217F /* SyncanoObjectProtocol.h */ = {isa = PBXFileReference; fileEncoding = 4; lastKnownFileType = sourcecode.c.h; name = SyncanoObjectProtocol.h; path = Syncano/SyncanoObjectProtocol.h; sourceTree = SOURCE_ROOT; };
		61A1A5541AB767CC0028217F /* NSObject+nullSafe.h */ = {isa = PBXFileReference; fileEncoding = 4; lastKnownFileType = sourcecode.c.h; name = "NSObject+nullSafe.h"; path = "Syncano/NSObject+nullSafe.h"; sourceTree = SOURCE_ROOT; };
		61A1A5551AB767CC0028217F /* NSObject+nullSafe.m */ = {isa = PBXFileReference; fileEncoding = 4; lastKnownFileType = sourcecode.c.objc; name = "NSObject+nullSafe.m"; path = "Syncano/NSObject+nullSafe.m"; sourceTree = SOURCE_ROOT; };
		61E36E771AB8F62900729FC7 /* SyncanoError.h */ = {isa = PBXFileReference; fileEncoding = 4; lastKnownFileType = sourcecode.c.h; name = SyncanoError.h; path = Syncano/SyncanoError.h; sourceTree = SOURCE_ROOT; };
		61E36E781AB8F62900729FC7 /* SyncanoError.m */ = {isa = PBXFileReference; fileEncoding = 4; lastKnownFileType = sourcecode.c.objc; name = SyncanoError.m; path = Syncano/SyncanoError.m; sourceTree = SOURCE_ROOT; };
		61E36E791AB8F62900729FC7 /* SyncanoException.h */ = {isa = PBXFileReference; fileEncoding = 4; lastKnownFileType = sourcecode.c.h; name = SyncanoException.h; path = Syncano/SyncanoException.h; sourceTree = SOURCE_ROOT; };
		61E36E7A1AB8F62900729FC7 /* SyncanoException.m */ = {isa = PBXFileReference; fileEncoding = 4; lastKnownFileType = sourcecode.c.objc; name = SyncanoException.m; path = Syncano/SyncanoException.m; sourceTree = SOURCE_ROOT; };
		BE98F69718D6F59C001EC84E /* server.der */ = {isa = PBXFileReference; lastKnownFileType = file; name = server.der; path = Resources/server.der; sourceTree = "<group>"; };
		BEE157C918D2F33900FFCB6B /* libsyncano-ios-library.a */ = {isa = PBXFileReference; explicitFileType = archive.ar; includeInIndex = 0; path = "libsyncano-ios-library.a"; sourceTree = BUILT_PRODUCTS_DIR; };
		BEE157CD18D2F33900FFCB6B /* syncano-ios-library-Prefix.pch */ = {isa = PBXFileReference; lastKnownFileType = sourcecode.c.h; path = "syncano-ios-library-Prefix.pch"; sourceTree = "<group>"; };
		D12CE4B6407A0DEBB95D1000 /* Pods.debug.xcconfig */ = {isa = PBXFileReference; includeInIndex = 1; lastKnownFileType = text.xcconfig; name = Pods.debug.xcconfig; path = "Pods/Target Support Files/Pods/Pods.debug.xcconfig"; sourceTree = "<group>"; };
/* End PBXFileReference section */

/* Begin PBXFrameworksBuildPhase section */
		BEE157C618D2F33900FFCB6B /* Frameworks */ = {
			isa = PBXFrameworksBuildPhase;
			buildActionMask = 2147483647;
			files = (
				15C1F3DD19213140005E4EC4 /* UIKit.framework in Frameworks */,
				BEE157CA18D2F33900FFCB6B /* Foundation.framework in Frameworks */,
				97F8EC4AE2134AED9C970E62 /* libPods.a in Frameworks */,
			);
			runOnlyForDeploymentPostprocessing = 0;
		};
/* End PBXFrameworksBuildPhase section */

/* Begin PBXGroup section */
		152D0719186863B00020A116 = {
			isa = PBXGroup;
			children = (
				BEE157CB18D2F33900FFCB6B /* Syncano */,
				BECB558118D6F1B40074BC3C /* Resources */,
				152D0728186863B00020A116 /* Frameworks */,
				152D0727186863B00020A116 /* Products */,
				F191ABFCE5813162A7A025B7 /* Pods */,
			);
			sourceTree = "<group>";
		};
		152D0727186863B00020A116 /* Products */ = {
			isa = PBXGroup;
			children = (
				BEE157C918D2F33900FFCB6B /* libsyncano-ios-library.a */,
			);
			name = Products;
			sourceTree = "<group>";
		};
		152D0728186863B00020A116 /* Frameworks */ = {
			isa = PBXGroup;
			children = (
				15C1F3DC19213140005E4EC4 /* UIKit.framework */,
				152D0729186863B00020A116 /* Foundation.framework */,
				152D0737186863B00020A116 /* XCTest.framework */,
				4CFEF72E1379411185D85EDA /* libPods.a */,
			);
			name = Frameworks;
			sourceTree = "<group>";
		};
		619E428C1A9CB40800787585 /* Helpers */ = {
			isa = PBXGroup;
			children = (
				1548BFD619AB5A3000267128 /* SyncanoReachability.h */,
				1548BFD719AB5A3000267128 /* SyncanoReachability.m */,
				61A1A54E1AB74A030028217F /* APIClient.h */,
				61A1A54F1AB74A030028217F /* APIClient.m */,
				61A1A5541AB767CC0028217F /* NSObject+nullSafe.h */,
				61A1A5551AB767CC0028217F /* NSObject+nullSafe.m */,
			);
			name = Helpers;
			sourceTree = "<group>";
		};
		BECB558118D6F1B40074BC3C /* Resources */ = {
			isa = PBXGroup;
			children = (
				BE98F69718D6F59C001EC84E /* server.der */,
				61A1A5521AB74B9E0028217F /* Config.plist */,
			);
			name = Resources;
			sourceTree = "<group>";
		};
		BEE157CB18D2F33900FFCB6B /* Syncano */ = {
			isa = PBXGroup;
			children = (
				152D07511868641F0020A116 /* Syncano.h */,
				152D07521868641F0020A116 /* Syncano.m */,
				61A1A5531AB759420028217F /* SyncanoObjectProtocol.h */,
				619E42921A9E11C600787585 /* SyncanoObject.h */,
				619E42931A9E11C600787585 /* SyncanoObject.m */,
				619E42981A9E7AA500787585 /* SyncanoArray.h */,
				619E42991A9E7AA500787585 /* SyncanoArray.m */,
				619E42951A9E14C300787585 /* SyncanoParameters.h */,
				619E42961A9E14C300787585 /* SyncanoParameters.m */,
				61E36E771AB8F62900729FC7 /* SyncanoError.h */,
				61E36E781AB8F62900729FC7 /* SyncanoError.m */,
				61E36E791AB8F62900729FC7 /* SyncanoException.h */,
				61E36E7A1AB8F62900729FC7 /* SyncanoException.m */,
				619E428C1A9CB40800787585 /* Helpers */,
				BEE157CC18D2F33900FFCB6B /* Supporting Files */,
			);
			name = Syncano;
			path = "syncano-ios-library";
			sourceTree = "<group>";
		};
		BEE157CC18D2F33900FFCB6B /* Supporting Files */ = {
			isa = PBXGroup;
			children = (
				6135C4D51AB73CB00050D2F5 /* syncano-ios.podspec */,
				15C0AD0D1A1E69AC009DC30E /* syncano-ios.podspec.json */,
				BEE157CD18D2F33900FFCB6B /* syncano-ios-library-Prefix.pch */,
			);
			name = "Supporting Files";
			sourceTree = "<group>";
		};
		F191ABFCE5813162A7A025B7 /* Pods */ = {
			isa = PBXGroup;
			children = (
				D12CE4B6407A0DEBB95D1000 /* Pods.debug.xcconfig */,
				2B1E7E6C68734486889515FF /* Pods.release.xcconfig */,
			);
			name = Pods;
			sourceTree = "<group>";
		};
/* End PBXGroup section */

/* Begin PBXNativeTarget section */
		BEE157C818D2F33900FFCB6B /* syncano-ios-library */ = {
			isa = PBXNativeTarget;
			buildConfigurationList = BEE157E918D2F33A00FFCB6B /* Build configuration list for PBXNativeTarget "syncano-ios-library" */;
			buildPhases = (
				79B61EB181B64F90897D317B /* Check Pods Manifest.lock */,
				BEE157C518D2F33900FFCB6B /* Sources */,
				BEE157C618D2F33900FFCB6B /* Frameworks */,
				BEE157C718D2F33900FFCB6B /* CopyFiles */,
				43AEFBBD29134A25A8774F63 /* Copy Pods Resources */,
			);
			buildRules = (
			);
			dependencies = (
			);
			name = "syncano-ios-library";
			productName = "syncano-ios-library";
			productReference = BEE157C918D2F33900FFCB6B /* libsyncano-ios-library.a */;
			productType = "com.apple.product-type.library.static";
		};
/* End PBXNativeTarget section */

/* Begin PBXProject section */
		152D071A186863B00020A116 /* Project object */ = {
			isa = PBXProject;
			attributes = {
				LastUpgradeCheck = 0610;
				ORGANIZATIONNAME = Syncano;
			};
			buildConfigurationList = 152D071D186863B00020A116 /* Build configuration list for PBXProject "Syncano" */;
			compatibilityVersion = "Xcode 3.2";
			developmentRegion = English;
			hasScannedForEncodings = 0;
			knownRegions = (
				en,
				English,
			);
			mainGroup = 152D0719186863B00020A116;
			productRefGroup = 152D0727186863B00020A116 /* Products */;
			projectDirPath = "";
			projectRoot = "";
			targets = (
				BEE157C818D2F33900FFCB6B /* syncano-ios-library */,
				BE6A397C18E4793200F5631A /* Documentation */,
			);
		};
/* End PBXProject section */

/* Begin PBXShellScriptBuildPhase section */
		43AEFBBD29134A25A8774F63 /* Copy Pods Resources */ = {
			isa = PBXShellScriptBuildPhase;
			buildActionMask = 2147483647;
			files = (
			);
			inputPaths = (
			);
			name = "Copy Pods Resources";
			outputPaths = (
			);
			runOnlyForDeploymentPostprocessing = 0;
			shellPath = /bin/sh;
			shellScript = "\"${SRCROOT}/Pods/Target Support Files/Pods/Pods-resources.sh\"\n";
			showEnvVarsInLog = 0;
		};
		79B61EB181B64F90897D317B /* Check Pods Manifest.lock */ = {
			isa = PBXShellScriptBuildPhase;
			buildActionMask = 2147483647;
			files = (
			);
			inputPaths = (
			);
			name = "Check Pods Manifest.lock";
			outputPaths = (
			);
			runOnlyForDeploymentPostprocessing = 0;
			shellPath = /bin/sh;
			shellScript = "diff \"${PODS_ROOT}/../Podfile.lock\" \"${PODS_ROOT}/Manifest.lock\" > /dev/null\nif [[ $? != 0 ]] ; then\n    cat << EOM\nerror: The sandbox is not in sync with the Podfile.lock. Run 'pod install' or update your CocoaPods installation.\nEOM\n    exit 1\nfi\n";
			showEnvVarsInLog = 0;
		};
		BE6A398218E47B7100F5631A /* ShellScript */ = {
			isa = PBXShellScriptBuildPhase;
			buildActionMask = 2147483647;
			files = (
			);
			inputPaths = (
			);
			outputPaths = (
			);
			runOnlyForDeploymentPostprocessing = 0;
			shellPath = /bin/sh;
			shellScript = "/usr/local/bin/appledoc \\\n--project-name \"${PROJECT_NAME}\" \\\n--project-company \"Syncano\" \\\n--company-id \"com.syncano\" \\\n--output \"${PROJECT_NAME}-Docs\" \\\n--install-docset \\\n--logformat xcode \\\n--keep-undocumented-objects \\\n--keep-undocumented-members \\\n--keep-intermediate-files \\\n--no-repeat-first-par \\\n--no-warn-invalid-crossref \\\n--merge-categories \\\n--exit-threshold 2 \\\n--docset-platform-family iphoneos \\\n--ignore \"*.m\" \\\n\"${PROJECT_DIR}/${PROJECT_NAME}\" > appledoc.log";
		};
/* End PBXShellScriptBuildPhase section */

/* Begin PBXSourcesBuildPhase section */
		BEE157C518D2F33900FFCB6B /* Sources */ = {
			isa = PBXSourcesBuildPhase;
			buildActionMask = 2147483647;
			files = (
				BEE157ED18D2F57A00FFCB6B /* Syncano.m in Sources */,
				61A1A5561AB767CC0028217F /* NSObject+nullSafe.m in Sources */,
				61A1A5501AB74A030028217F /* APIClient.m in Sources */,
				61E36E7C1AB8F62900729FC7 /* SyncanoException.m in Sources */,
				619E42971A9E14C300787585 /* SyncanoParameters.m in Sources */,
				619E429A1A9E7AA500787585 /* SyncanoArray.m in Sources */,
				619E42941A9E11C600787585 /* SyncanoObject.m in Sources */,
				61E36E7B1AB8F62900729FC7 /* SyncanoError.m in Sources */,
				1548BFD819AB5A3000267128 /* SyncanoReachability.m in Sources */,
			);
			runOnlyForDeploymentPostprocessing = 0;
		};
/* End PBXSourcesBuildPhase section */

/* Begin PBXTargetDependency section */
		BE6A398118E47B6600F5631A /* PBXTargetDependency */ = {
			isa = PBXTargetDependency;
			target = BEE157C818D2F33900FFCB6B /* syncano-ios-library */;
			targetProxy = BE6A398018E47B6600F5631A /* PBXContainerItemProxy */;
		};
/* End PBXTargetDependency section */

/* Begin XCBuildConfiguration section */
		152D0749186863B00020A116 /* Debug */ = {
			isa = XCBuildConfiguration;
			buildSettings = {
				ALWAYS_SEARCH_USER_PATHS = NO;
				CLANG_CXX_LANGUAGE_STANDARD = "gnu++0x";
				CLANG_CXX_LIBRARY = "libc++";
				CLANG_ENABLE_MODULES = YES;
				CLANG_ENABLE_OBJC_ARC = YES;
				CLANG_WARN_BOOL_CONVERSION = YES;
				CLANG_WARN_CONSTANT_CONVERSION = YES;
				CLANG_WARN_DIRECT_OBJC_ISA_USAGE = YES_ERROR;
				CLANG_WARN_DOCUMENTATION_COMMENTS = YES;
				CLANG_WARN_EMPTY_BODY = YES;
				CLANG_WARN_ENUM_CONVERSION = YES;
				CLANG_WARN_INT_CONVERSION = YES;
				CLANG_WARN_OBJC_ROOT_CLASS = YES_ERROR;
				CLANG_WARN__DUPLICATE_METHOD_MATCH = YES;
				COPY_PHASE_STRIP = NO;
				GCC_C_LANGUAGE_STANDARD = gnu99;
				GCC_DYNAMIC_NO_PIC = NO;
				GCC_OPTIMIZATION_LEVEL = 0;
				GCC_PREPROCESSOR_DEFINITIONS = (
					"DEBUG=1",
					"$(inherited)",
				);
				GCC_SYMBOLS_PRIVATE_EXTERN = NO;
				GCC_WARN_64_TO_32_BIT_CONVERSION = YES;
				GCC_WARN_ABOUT_RETURN_TYPE = YES_ERROR;
				GCC_WARN_UNDECLARED_SELECTOR = YES;
				GCC_WARN_UNINITIALIZED_AUTOS = YES;
				GCC_WARN_UNUSED_FUNCTION = YES;
				GCC_WARN_UNUSED_VARIABLE = YES;
				IPHONEOS_DEPLOYMENT_TARGET = 7.0;
				ONLY_ACTIVE_ARCH = YES;
				SDKROOT = iphoneos;
			};
			name = Debug;
		};
		152D074A186863B00020A116 /* Release */ = {
			isa = XCBuildConfiguration;
			buildSettings = {
				ALWAYS_SEARCH_USER_PATHS = NO;
				CLANG_CXX_LANGUAGE_STANDARD = "gnu++0x";
				CLANG_CXX_LIBRARY = "libc++";
				CLANG_ENABLE_MODULES = YES;
				CLANG_ENABLE_OBJC_ARC = YES;
				CLANG_WARN_BOOL_CONVERSION = YES;
				CLANG_WARN_CONSTANT_CONVERSION = YES;
				CLANG_WARN_DIRECT_OBJC_ISA_USAGE = YES_ERROR;
				CLANG_WARN_DOCUMENTATION_COMMENTS = YES;
				CLANG_WARN_EMPTY_BODY = YES;
				CLANG_WARN_ENUM_CONVERSION = YES;
				CLANG_WARN_INT_CONVERSION = YES;
				CLANG_WARN_OBJC_ROOT_CLASS = YES_ERROR;
				CLANG_WARN__DUPLICATE_METHOD_MATCH = YES;
				COPY_PHASE_STRIP = YES;
				ENABLE_NS_ASSERTIONS = NO;
				GCC_C_LANGUAGE_STANDARD = gnu99;
				GCC_WARN_64_TO_32_BIT_CONVERSION = YES;
				GCC_WARN_ABOUT_RETURN_TYPE = YES_ERROR;
				GCC_WARN_UNDECLARED_SELECTOR = YES;
				GCC_WARN_UNINITIALIZED_AUTOS = YES;
				GCC_WARN_UNUSED_FUNCTION = YES;
				GCC_WARN_UNUSED_VARIABLE = YES;
				IPHONEOS_DEPLOYMENT_TARGET = 7.0;
				SDKROOT = iphoneos;
				VALIDATE_PRODUCT = YES;
			};
			name = Release;
		};
		BE6A397E18E4793200F5631A /* Debug */ = {
			isa = XCBuildConfiguration;
			buildSettings = {
				PRODUCT_NAME = "$(TARGET_NAME)";
			};
			name = Debug;
		};
		BE6A397F18E4793200F5631A /* Release */ = {
			isa = XCBuildConfiguration;
			buildSettings = {
				PRODUCT_NAME = "$(TARGET_NAME)";
			};
			name = Release;
		};
		BEE157E518D2F33A00FFCB6B /* Debug */ = {
			isa = XCBuildConfiguration;
			baseConfigurationReference = D12CE4B6407A0DEBB95D1000 /* Pods.debug.xcconfig */;
			buildSettings = {
				DSTROOT = /tmp/syncano_ios_library.dst;
				GCC_PRECOMPILE_PREFIX_HEADER = YES;
				GCC_PREFIX_HEADER = "syncano-ios-library/syncano-ios-library-Prefix.pch";
				GCC_PREPROCESSOR_DEFINITIONS = (
					"DEBUG=1",
					"$(inherited)",
				);
				GCC_WARN_UNINITIALIZED_AUTOS = YES_AGGRESSIVE;
				IPHONEOS_DEPLOYMENT_TARGET = 7.1;
				LIBRARY_SEARCH_PATHS = (
					"$(inherited)",
					"$(PROJECT_DIR)/Pods/build/Release-iphoneos",
				);
				OTHER_LDFLAGS = "$(inherited)";
				PRODUCT_NAME = "$(TARGET_NAME)";
				SKIP_INSTALL = YES;
			};
			name = Debug;
		};
		BEE157E618D2F33A00FFCB6B /* Release */ = {
			isa = XCBuildConfiguration;
			baseConfigurationReference = 2B1E7E6C68734486889515FF /* Pods.release.xcconfig */;
			buildSettings = {
				DSTROOT = /tmp/syncano_ios_library.dst;
				GCC_PRECOMPILE_PREFIX_HEADER = YES;
				GCC_PREFIX_HEADER = "syncano-ios-library/syncano-ios-library-Prefix.pch";
				GCC_WARN_UNINITIALIZED_AUTOS = YES_AGGRESSIVE;
				IPHONEOS_DEPLOYMENT_TARGET = 7.1;
				LIBRARY_SEARCH_PATHS = (
					"$(inherited)",
					"$(PROJECT_DIR)/Pods/build/Release-iphoneos",
				);
				OTHER_LDFLAGS = "$(inherited)";
				PRODUCT_NAME = "$(TARGET_NAME)";
				SKIP_INSTALL = YES;
			};
			name = Release;
		};
/* End XCBuildConfiguration section */

/* Begin XCConfigurationList section */
		152D071D186863B00020A116 /* Build configuration list for PBXProject "Syncano" */ = {
			isa = XCConfigurationList;
			buildConfigurations = (
				152D0749186863B00020A116 /* Debug */,
				152D074A186863B00020A116 /* Release */,
			);
			defaultConfigurationIsVisible = 0;
			defaultConfigurationName = Release;
		};
		BE6A397D18E4793200F5631A /* Build configuration list for PBXAggregateTarget "Documentation" */ = {
			isa = XCConfigurationList;
			buildConfigurations = (
				BE6A397E18E4793200F5631A /* Debug */,
				BE6A397F18E4793200F5631A /* Release */,
			);
			defaultConfigurationIsVisible = 0;
			defaultConfigurationName = Release;
		};
		BEE157E918D2F33A00FFCB6B /* Build configuration list for PBXNativeTarget "syncano-ios-library" */ = {
			isa = XCConfigurationList;
			buildConfigurations = (
				BEE157E518D2F33A00FFCB6B /* Debug */,
				BEE157E618D2F33A00FFCB6B /* Release */,
			);
			defaultConfigurationIsVisible = 0;
			defaultConfigurationName = Release;
		};
/* End XCConfigurationList section */
	};
	rootObject = 152D071A186863B00020A116 /* Project object */;
}
