<?xml version="1.0" encoding="UTF-8"?>
<!DOCTYPE plist PUBLIC "-//Apple//DTD PLIST 1.0//EN" "http://www.apple.com/DTDs/PropertyList-1.0.dtd">
<plist version="1.0">
<dict>
	<key>archiveVersion</key>
	<string>1</string>
	<key>classes</key>
	<dict/>
	<key>objectVersion</key>
	<string>46</string>
	<key>objects</key>
	<dict>
		<key>15027E1F1875CE0300534D5D</key>
		<dict>
			<key>isa</key>
			<string>PBXFileReference</string>
			<key>lastKnownFileType</key>
			<string>sourcecode.c.h</string>
			<key>name</key>
			<string>SyncanoParameters_Private.h</string>
			<key>path</key>
			<string>Parameters/SyncanoParameters_Private.h</string>
			<key>sourceTree</key>
			<string>&lt;group&gt;</string>
		</dict>
		<key>150B59761886CD4D00E1F9C2</key>
		<dict>
			<key>fileEncoding</key>
			<string>4</string>
			<key>isa</key>
			<string>PBXFileReference</string>
			<key>lastKnownFileType</key>
			<string>sourcecode.c.h</string>
			<key>name</key>
			<string>SyncanoObjects_Private.h</string>
			<key>path</key>
			<string>Objects/SyncanoObjects_Private.h</string>
			<key>sourceTree</key>
			<string>&lt;group&gt;</string>
		</dict>
		<key>150B59771886CD4D00E1F9C2</key>
		<dict>
			<key>fileEncoding</key>
			<string>4</string>
			<key>isa</key>
			<string>PBXFileReference</string>
			<key>lastKnownFileType</key>
			<string>sourcecode.c.objc</string>
			<key>name</key>
			<string>SyncanoObjects_Private.m</string>
			<key>path</key>
			<string>Objects/SyncanoObjects_Private.m</string>
			<key>sourceTree</key>
			<string>&lt;group&gt;</string>
		</dict>
		<key>151E697218D22C320034BBEB</key>
		<dict>
			<key>isa</key>
			<string>PBXFileReference</string>
			<key>lastKnownFileType</key>
			<string>sourcecode.c.h</string>
			<key>name</key>
			<string>SyncanoProtocolConnections.h</string>
			<key>path</key>
			<string>Protocols/SyncanoProtocolConnections.h</string>
			<key>sourceTree</key>
			<string>&lt;group&gt;</string>
		</dict>
		<key>151E697318D22C610034BBEB</key>
		<dict>
			<key>children</key>
			<array>
				<string>151E697418D22C850034BBEB</string>
				<string>151E697518D22C850034BBEB</string>
			</array>
			<key>isa</key>
			<string>PBXGroup</string>
			<key>name</key>
			<string>Connections</string>
			<key>sourceTree</key>
			<string>&lt;group&gt;</string>
		</dict>
		<key>151E697418D22C850034BBEB</key>
		<dict>
			<key>fileEncoding</key>
			<string>4</string>
			<key>isa</key>
			<string>PBXFileReference</string>
			<key>lastKnownFileType</key>
			<string>sourcecode.c.h</string>
			<key>name</key>
			<string>SyncanoParameters_Connections.h</string>
			<key>path</key>
			<string>Parameters/Connections/SyncanoParameters_Connections.h</string>
			<key>sourceTree</key>
			<string>&lt;group&gt;</string>
		</dict>
		<key>151E697518D22C850034BBEB</key>
		<dict>
			<key>fileEncoding</key>
			<string>4</string>
			<key>isa</key>
			<string>PBXFileReference</string>
			<key>lastKnownFileType</key>
			<string>sourcecode.c.objc</string>
			<key>name</key>
			<string>SyncanoParameters_Connections.m</string>
			<key>path</key>
			<string>Parameters/Connections/SyncanoParameters_Connections.m</string>
			<key>sourceTree</key>
			<string>&lt;group&gt;</string>
		</dict>
		<key>151E697818D22C9E0034BBEB</key>
		<dict>
			<key>children</key>
			<array>
				<string>151E697918D22CB90034BBEB</string>
				<string>151E697A18D22CB90034BBEB</string>
			</array>
			<key>isa</key>
			<string>PBXGroup</string>
			<key>name</key>
			<string>Connections</string>
			<key>sourceTree</key>
			<string>&lt;group&gt;</string>
		</dict>
		<key>151E697918D22CB90034BBEB</key>
		<dict>
			<key>fileEncoding</key>
			<string>4</string>
			<key>isa</key>
			<string>PBXFileReference</string>
			<key>lastKnownFileType</key>
			<string>sourcecode.c.h</string>
			<key>name</key>
			<string>SyncanoResponse_Connections.h</string>
			<key>path</key>
			<string>Responses/Connections/SyncanoResponse_Connections.h</string>
			<key>sourceTree</key>
			<string>&lt;group&gt;</string>
		</dict>
		<key>151E697A18D22CB90034BBEB</key>
		<dict>
			<key>fileEncoding</key>
			<string>4</string>
			<key>isa</key>
			<string>PBXFileReference</string>
			<key>lastKnownFileType</key>
			<string>sourcecode.c.objc</string>
			<key>name</key>
			<string>SyncanoResponse_Connections.m</string>
			<key>path</key>
			<string>Responses/Connections/SyncanoResponse_Connections.m</string>
			<key>sourceTree</key>
			<string>&lt;group&gt;</string>
		</dict>
		<key>152B168119A7B4FC00512468</key>
		<dict>
			<key>isa</key>
			<string>PBXFileReference</string>
			<key>lastKnownFileType</key>
			<string>sourcecode.c.h</string>
			<key>name</key>
			<string>SyncanoProtocolRequest.h</string>
			<key>path</key>
			<string>Protocols/SyncanoProtocolRequest.h</string>
			<key>sourceTree</key>
			<string>&lt;group&gt;</string>
		</dict>
		<key>152D0719186863B00020A116</key>
		<dict>
			<key>children</key>
			<array>
				<string>BEE157CB18D2F33900FFCB6B</string>
				<string>BEE157DD18D2F33A00FFCB6B</string>
				<string>BECB558118D6F1B40074BC3C</string>
				<string>152D0728186863B00020A116</string>
				<string>152D0727186863B00020A116</string>
				<string>F191ABFCE5813162A7A025B7</string>
			</array>
			<key>isa</key>
			<string>PBXGroup</string>
			<key>sourceTree</key>
			<string>&lt;group&gt;</string>
		</dict>
		<key>152D071A186863B00020A116</key>
		<dict>
			<key>attributes</key>
			<dict>
				<key>LastUpgradeCheck</key>
				<string>0500</string>
				<key>ORGANIZATIONNAME</key>
				<string>Mindpower</string>
				<key>TargetAttributes</key>
				<dict>
					<key>BEE157D518D2F33900FFCB6B</key>
					<dict>
						<key>TestTargetID</key>
						<string>152D0725186863B00020A116</string>
					</dict>
				</dict>
			</dict>
			<key>buildConfigurationList</key>
			<string>152D071D186863B00020A116</string>
			<key>compatibilityVersion</key>
			<string>Xcode 3.2</string>
			<key>developmentRegion</key>
			<string>English</string>
			<key>hasScannedForEncodings</key>
			<string>0</string>
			<key>isa</key>
			<string>PBXProject</string>
			<key>knownRegions</key>
			<array>
				<string>en</string>
				<string>English</string>
			</array>
			<key>mainGroup</key>
			<string>152D0719186863B00020A116</string>
			<key>productRefGroup</key>
			<string>152D0727186863B00020A116</string>
			<key>projectDirPath</key>
			<string></string>
			<key>projectReferences</key>
			<array/>
			<key>projectRoot</key>
			<string></string>
			<key>targets</key>
			<array>
				<string>BEE157C818D2F33900FFCB6B</string>
				<string>BEE157D518D2F33900FFCB6B</string>
				<string>BE6A397C18E4793200F5631A</string>
			</array>
		</dict>
		<key>152D071D186863B00020A116</key>
		<dict>
			<key>buildConfigurations</key>
			<array>
				<string>152D0749186863B00020A116</string>
				<string>152D074A186863B00020A116</string>
			</array>
			<key>defaultConfigurationIsVisible</key>
			<string>0</string>
			<key>defaultConfigurationName</key>
			<string>Release</string>
			<key>isa</key>
			<string>XCConfigurationList</string>
		</dict>
		<key>152D0727186863B00020A116</key>
		<dict>
			<key>children</key>
			<array>
				<string>BEE157C918D2F33900FFCB6B</string>
				<string>BEE157D618D2F33900FFCB6B</string>
			</array>
			<key>isa</key>
			<string>PBXGroup</string>
			<key>name</key>
			<string>Products</string>
			<key>sourceTree</key>
			<string>&lt;group&gt;</string>
		</dict>
		<key>152D0728186863B00020A116</key>
		<dict>
			<key>children</key>
			<array>
				<string>15C1F3DC19213140005E4EC4</string>
				<string>152D0729186863B00020A116</string>
				<string>152D0737186863B00020A116</string>
				<string>4CFEF72E1379411185D85EDA</string>
			</array>
			<key>isa</key>
			<string>PBXGroup</string>
			<key>name</key>
			<string>Frameworks</string>
			<key>sourceTree</key>
			<string>&lt;group&gt;</string>
		</dict>
		<key>152D0729186863B00020A116</key>
		<dict>
			<key>isa</key>
			<string>PBXFileReference</string>
			<key>lastKnownFileType</key>
			<string>wrapper.framework</string>
			<key>name</key>
			<string>Foundation.framework</string>
			<key>path</key>
			<string>System/Library/Frameworks/Foundation.framework</string>
			<key>sourceTree</key>
			<string>SDKROOT</string>
		</dict>
		<key>152D0737186863B00020A116</key>
		<dict>
			<key>isa</key>
			<string>PBXFileReference</string>
			<key>lastKnownFileType</key>
			<string>wrapper.framework</string>
			<key>name</key>
			<string>XCTest.framework</string>
			<key>path</key>
			<string>Library/Frameworks/XCTest.framework</string>
			<key>sourceTree</key>
			<string>DEVELOPER_DIR</string>
		</dict>
		<key>152D0749186863B00020A116</key>
		<dict>
			<key>buildSettings</key>
			<dict>
				<key>ALWAYS_SEARCH_USER_PATHS</key>
				<string>NO</string>
				<key>ARCHS</key>
				<string>$(ARCHS_STANDARD_INCLUDING_64_BIT)</string>
				<key>CLANG_CXX_LANGUAGE_STANDARD</key>
				<string>gnu++0x</string>
				<key>CLANG_CXX_LIBRARY</key>
				<string>libc++</string>
				<key>CLANG_ENABLE_MODULES</key>
				<string>YES</string>
				<key>CLANG_ENABLE_OBJC_ARC</key>
				<string>YES</string>
				<key>CLANG_WARN_BOOL_CONVERSION</key>
				<string>YES</string>
				<key>CLANG_WARN_CONSTANT_CONVERSION</key>
				<string>YES</string>
				<key>CLANG_WARN_DIRECT_OBJC_ISA_USAGE</key>
				<string>YES_ERROR</string>
				<key>CLANG_WARN_DOCUMENTATION_COMMENTS</key>
				<string>YES</string>
				<key>CLANG_WARN_EMPTY_BODY</key>
				<string>YES</string>
				<key>CLANG_WARN_ENUM_CONVERSION</key>
				<string>YES</string>
				<key>CLANG_WARN_INT_CONVERSION</key>
				<string>YES</string>
				<key>CLANG_WARN_OBJC_ROOT_CLASS</key>
				<string>YES_ERROR</string>
				<key>CLANG_WARN__DUPLICATE_METHOD_MATCH</key>
				<string>YES</string>
				<key>COPY_PHASE_STRIP</key>
				<string>NO</string>
				<key>GCC_C_LANGUAGE_STANDARD</key>
				<string>gnu99</string>
				<key>GCC_DYNAMIC_NO_PIC</key>
				<string>NO</string>
				<key>GCC_OPTIMIZATION_LEVEL</key>
				<string>0</string>
				<key>GCC_PREPROCESSOR_DEFINITIONS</key>
				<array>
					<string>DEBUG=1</string>
					<string>$(inherited)</string>
				</array>
				<key>GCC_SYMBOLS_PRIVATE_EXTERN</key>
				<string>NO</string>
				<key>GCC_WARN_64_TO_32_BIT_CONVERSION</key>
				<string>YES</string>
				<key>GCC_WARN_ABOUT_RETURN_TYPE</key>
				<string>YES_ERROR</string>
				<key>GCC_WARN_UNDECLARED_SELECTOR</key>
				<string>YES</string>
				<key>GCC_WARN_UNINITIALIZED_AUTOS</key>
				<string>YES</string>
				<key>GCC_WARN_UNUSED_FUNCTION</key>
				<string>YES</string>
				<key>GCC_WARN_UNUSED_VARIABLE</key>
				<string>YES</string>
				<key>IPHONEOS_DEPLOYMENT_TARGET</key>
				<string>7.0</string>
				<key>ONLY_ACTIVE_ARCH</key>
				<string>YES</string>
				<key>SDKROOT</key>
				<string>iphoneos</string>
			</dict>
			<key>isa</key>
			<string>XCBuildConfiguration</string>
			<key>name</key>
			<string>Debug</string>
		</dict>
		<key>152D074A186863B00020A116</key>
		<dict>
			<key>buildSettings</key>
			<dict>
				<key>ALWAYS_SEARCH_USER_PATHS</key>
				<string>NO</string>
				<key>ARCHS</key>
				<string>$(ARCHS_STANDARD_INCLUDING_64_BIT)</string>
				<key>CLANG_CXX_LANGUAGE_STANDARD</key>
				<string>gnu++0x</string>
				<key>CLANG_CXX_LIBRARY</key>
				<string>libc++</string>
				<key>CLANG_ENABLE_MODULES</key>
				<string>YES</string>
				<key>CLANG_ENABLE_OBJC_ARC</key>
				<string>YES</string>
				<key>CLANG_WARN_BOOL_CONVERSION</key>
				<string>YES</string>
				<key>CLANG_WARN_CONSTANT_CONVERSION</key>
				<string>YES</string>
				<key>CLANG_WARN_DIRECT_OBJC_ISA_USAGE</key>
				<string>YES_ERROR</string>
				<key>CLANG_WARN_DOCUMENTATION_COMMENTS</key>
				<string>YES</string>
				<key>CLANG_WARN_EMPTY_BODY</key>
				<string>YES</string>
				<key>CLANG_WARN_ENUM_CONVERSION</key>
				<string>YES</string>
				<key>CLANG_WARN_INT_CONVERSION</key>
				<string>YES</string>
				<key>CLANG_WARN_OBJC_ROOT_CLASS</key>
				<string>YES_ERROR</string>
				<key>CLANG_WARN__DUPLICATE_METHOD_MATCH</key>
				<string>YES</string>
				<key>COPY_PHASE_STRIP</key>
				<string>YES</string>
				<key>ENABLE_NS_ASSERTIONS</key>
				<string>NO</string>
				<key>GCC_C_LANGUAGE_STANDARD</key>
				<string>gnu99</string>
				<key>GCC_WARN_64_TO_32_BIT_CONVERSION</key>
				<string>YES</string>
				<key>GCC_WARN_ABOUT_RETURN_TYPE</key>
				<string>YES_ERROR</string>
				<key>GCC_WARN_UNDECLARED_SELECTOR</key>
				<string>YES</string>
				<key>GCC_WARN_UNINITIALIZED_AUTOS</key>
				<string>YES</string>
				<key>GCC_WARN_UNUSED_FUNCTION</key>
				<string>YES</string>
				<key>GCC_WARN_UNUSED_VARIABLE</key>
				<string>YES</string>
				<key>IPHONEOS_DEPLOYMENT_TARGET</key>
				<string>7.0</string>
				<key>SDKROOT</key>
				<string>iphoneos</string>
				<key>VALIDATE_PRODUCT</key>
				<string>YES</string>
			</dict>
			<key>isa</key>
			<string>XCBuildConfiguration</string>
			<key>name</key>
			<string>Release</string>
		</dict>
		<key>152D07511868641F0020A116</key>
		<dict>
			<key>fileEncoding</key>
			<string>4</string>
			<key>isa</key>
			<string>PBXFileReference</string>
			<key>lastKnownFileType</key>
			<string>sourcecode.c.h</string>
			<key>name</key>
			<string>Syncano.h</string>
			<key>path</key>
			<string>../Syncano/Syncano.h</string>
			<key>sourceTree</key>
			<string>&lt;group&gt;</string>
		</dict>
		<key>152D07521868641F0020A116</key>
		<dict>
			<key>fileEncoding</key>
			<string>4</string>
			<key>isa</key>
			<string>PBXFileReference</string>
			<key>lastKnownFileType</key>
			<string>sourcecode.c.objc</string>
			<key>name</key>
			<string>Syncano.m</string>
			<key>path</key>
			<string>../Syncano/Syncano.m</string>
			<key>sourceTree</key>
			<string>&lt;group&gt;</string>
		</dict>
		<key>152D0755186864500020A116</key>
		<dict>
			<key>children</key>
			<array>
				<string>152D0758186864C30020A116</string>
				<string>152D075D1868650F0020A116</string>
				<string>158696A6187C4648008A23AC</string>
				<string>152D075E1868650F0020A116</string>
				<string>15AEA8B618D0A7830046A35D</string>
				<string>15AEA8BA18D0A7A20046A35D</string>
				<string>15AEA8BB18D0A7A80046A35D</string>
				<string>15AEA8BC18D0A7AE0046A35D</string>
			</array>
			<key>isa</key>
			<string>PBXGroup</string>
			<key>name</key>
			<string>Responses</string>
			<key>path</key>
			<string>../Syncano</string>
			<key>sourceTree</key>
			<string>&lt;group&gt;</string>
		</dict>
		<key>152D07561868645D0020A116</key>
		<dict>
			<key>children</key>
			<array>
				<string>152D0757186864B20020A116</string>
				<string>152D0759186865020020A116</string>
				<string>15027E1F1875CE0300534D5D</string>
				<string>152D075A186865020020A116</string>
				<string>15AEA8AF18D0A6F70046A35D</string>
				<string>15AEA8B318D0A74C0046A35D</string>
				<string>15AEA8B418D0A7630046A35D</string>
				<string>15AEA8B518D0A76E0046A35D</string>
			</array>
			<key>isa</key>
			<string>PBXGroup</string>
			<key>name</key>
			<string>Parameters</string>
			<key>path</key>
			<string>../Syncano</string>
			<key>sourceTree</key>
			<string>&lt;group&gt;</string>
		</dict>
		<key>152D0757186864B20020A116</key>
		<dict>
			<key>isa</key>
			<string>PBXFileReference</string>
			<key>lastKnownFileType</key>
			<string>sourcecode.c.h</string>
			<key>name</key>
			<string>SyncanoParametersListing.h</string>
			<key>path</key>
			<string>Parameters/SyncanoParametersListing.h</string>
			<key>sourceTree</key>
			<string>&lt;group&gt;</string>
		</dict>
		<key>152D0758186864C30020A116</key>
		<dict>
			<key>isa</key>
			<string>PBXFileReference</string>
			<key>lastKnownFileType</key>
			<string>sourcecode.c.h</string>
			<key>name</key>
			<string>SyncanoResponsesListing.h</string>
			<key>path</key>
			<string>Responses/SyncanoResponsesListing.h</string>
			<key>sourceTree</key>
			<string>&lt;group&gt;</string>
		</dict>
		<key>152D0759186865020020A116</key>
		<dict>
			<key>fileEncoding</key>
			<string>4</string>
			<key>isa</key>
			<string>PBXFileReference</string>
			<key>lastKnownFileType</key>
			<string>sourcecode.c.h</string>
			<key>name</key>
			<string>SyncanoParameters.h</string>
			<key>path</key>
			<string>Parameters/SyncanoParameters.h</string>
			<key>sourceTree</key>
			<string>&lt;group&gt;</string>
		</dict>
		<key>152D075A186865020020A116</key>
		<dict>
			<key>fileEncoding</key>
			<string>4</string>
			<key>isa</key>
			<string>PBXFileReference</string>
			<key>lastKnownFileType</key>
			<string>sourcecode.c.objc</string>
			<key>name</key>
			<string>SyncanoParameters.m</string>
			<key>path</key>
			<string>Parameters/SyncanoParameters.m</string>
			<key>sourceTree</key>
			<string>&lt;group&gt;</string>
		</dict>
		<key>152D075D1868650F0020A116</key>
		<dict>
			<key>fileEncoding</key>
			<string>4</string>
			<key>isa</key>
			<string>PBXFileReference</string>
			<key>lastKnownFileType</key>
			<string>sourcecode.c.h</string>
			<key>name</key>
			<string>SyncanoResponse.h</string>
			<key>path</key>
			<string>Responses/SyncanoResponse.h</string>
			<key>sourceTree</key>
			<string>&lt;group&gt;</string>
		</dict>
		<key>152D075E1868650F0020A116</key>
		<dict>
			<key>fileEncoding</key>
			<string>4</string>
			<key>isa</key>
			<string>PBXFileReference</string>
			<key>lastKnownFileType</key>
			<string>sourcecode.c.objc</string>
			<key>name</key>
			<string>SyncanoResponse.m</string>
			<key>path</key>
			<string>Responses/SyncanoResponse.m</string>
			<key>sourceTree</key>
			<string>&lt;group&gt;</string>
		</dict>
		<key>152D07621868667A0020A116</key>
		<dict>
			<key>children</key>
			<array>
				<string>152D0763186866990020A116</string>
				<string>159E9ED418D1E0C0007486FA</string>
				<string>159E9ED918D20717007486FA</string>
				<string>BEEB211118D23F5C00CAA197</string>
				<string>152D0765186866F00020A116</string>
				<string>152D0766186867000020A116</string>
				<string>152D0767186867130020A116</string>
				<string>152D0768186867200020A116</string>
				<string>152D07691868672E0020A116</string>
				<string>152D076B186867510020A116</string>
				<string>152D076A1868673A0020A116</string>
				<string>151E697218D22C320034BBEB</string>
				<string>152B168119A7B4FC00512468</string>
			</array>
			<key>isa</key>
			<string>PBXGroup</string>
			<key>name</key>
			<string>Protocols</string>
			<key>path</key>
			<string>../Syncano</string>
			<key>sourceTree</key>
			<string>&lt;group&gt;</string>
		</dict>
		<key>152D0763186866990020A116</key>
		<dict>
			<key>isa</key>
			<string>PBXFileReference</string>
			<key>lastKnownFileType</key>
			<string>sourcecode.c.h</string>
			<key>name</key>
			<string>SyncanoProtocolsListing.h</string>
			<key>path</key>
			<string>Protocols/SyncanoProtocolsListing.h</string>
			<key>sourceTree</key>
			<string>&lt;group&gt;</string>
		</dict>
		<key>152D0765186866F00020A116</key>
		<dict>
			<key>isa</key>
			<string>PBXFileReference</string>
			<key>lastKnownFileType</key>
			<string>sourcecode.c.h</string>
			<key>name</key>
			<string>SyncanoProtocolProjects.h</string>
			<key>path</key>
			<string>Protocols/SyncanoProtocolProjects.h</string>
			<key>sourceTree</key>
			<string>&lt;group&gt;</string>
		</dict>
		<key>152D0766186867000020A116</key>
		<dict>
			<key>isa</key>
			<string>PBXFileReference</string>
			<key>lastKnownFileType</key>
			<string>sourcecode.c.h</string>
			<key>name</key>
			<string>SyncanoProtocolCollections.h</string>
			<key>path</key>
			<string>Protocols/SyncanoProtocolCollections.h</string>
			<key>sourceTree</key>
			<string>&lt;group&gt;</string>
		</dict>
		<key>152D0767186867130020A116</key>
		<dict>
			<key>isa</key>
			<string>PBXFileReference</string>
			<key>lastKnownFileType</key>
			<string>sourcecode.c.h</string>
			<key>name</key>
			<string>SyncanoProtocolFolders.h</string>
			<key>path</key>
			<string>Protocols/SyncanoProtocolFolders.h</string>
			<key>sourceTree</key>
			<string>&lt;group&gt;</string>
		</dict>
		<key>152D0768186867200020A116</key>
		<dict>
			<key>isa</key>
			<string>PBXFileReference</string>
			<key>lastKnownFileType</key>
			<string>sourcecode.c.h</string>
			<key>name</key>
			<string>SyncanoProtocolDataObjects.h</string>
			<key>path</key>
			<string>Protocols/SyncanoProtocolDataObjects.h</string>
			<key>sourceTree</key>
			<string>&lt;group&gt;</string>
		</dict>
		<key>152D07691868672E0020A116</key>
		<dict>
			<key>isa</key>
			<string>PBXFileReference</string>
			<key>lastKnownFileType</key>
			<string>sourcecode.c.h</string>
			<key>name</key>
			<string>SyncanoProtocolUsers.h</string>
			<key>path</key>
			<string>Protocols/SyncanoProtocolUsers.h</string>
			<key>sourceTree</key>
			<string>&lt;group&gt;</string>
		</dict>
		<key>152D076A1868673A0020A116</key>
		<dict>
			<key>isa</key>
			<string>PBXFileReference</string>
			<key>lastKnownFileType</key>
			<string>sourcecode.c.h</string>
			<key>name</key>
			<string>SyncanoProtocolNotification.h</string>
			<key>path</key>
			<string>Protocols/SyncanoProtocolNotification.h</string>
			<key>sourceTree</key>
			<string>&lt;group&gt;</string>
		</dict>
		<key>152D076B186867510020A116</key>
		<dict>
			<key>isa</key>
			<string>PBXFileReference</string>
			<key>lastKnownFileType</key>
			<string>sourcecode.c.h</string>
			<key>name</key>
			<string>SyncanoProtocolSubscriptions.h</string>
			<key>path</key>
			<string>Protocols/SyncanoProtocolSubscriptions.h</string>
			<key>sourceTree</key>
			<string>&lt;group&gt;</string>
		</dict>
		<key>152D076D18686DC10020A116</key>
		<dict>
			<key>children</key>
			<array>
				<string>158696A2187C32BD008A23AC</string>
				<string>158696A3187C32BD008A23AC</string>
			</array>
			<key>isa</key>
			<string>PBXGroup</string>
			<key>name</key>
			<string>Subscriptions</string>
			<key>sourceTree</key>
			<string>&lt;group&gt;</string>
		</dict>
		<key>152D076E18686E260020A116</key>
		<dict>
			<key>children</key>
			<array>
				<string>1586969E187C317B008A23AC</string>
				<string>1586969F187C317B008A23AC</string>
			</array>
			<key>isa</key>
			<string>PBXGroup</string>
			<key>name</key>
			<string>Notification</string>
			<key>sourceTree</key>
			<string>&lt;group&gt;</string>
		</dict>
		<key>152D076F18686E2D0020A116</key>
		<dict>
			<key>children</key>
			<array>
				<string>1586969A187C2CB8008A23AC</string>
				<string>1586969B187C2CB8008A23AC</string>
			</array>
			<key>isa</key>
			<string>PBXGroup</string>
			<key>name</key>
			<string>Users</string>
			<key>sourceTree</key>
			<string>&lt;group&gt;</string>
		</dict>
		<key>152D077018686E370020A116</key>
		<dict>
			<key>children</key>
			<array>
				<string>15869696187C09DC008A23AC</string>
				<string>15869697187C09DC008A23AC</string>
			</array>
			<key>isa</key>
			<string>PBXGroup</string>
			<key>name</key>
			<string>Data Objects</string>
			<key>sourceTree</key>
			<string>&lt;group&gt;</string>
		</dict>
		<key>152D077118686E400020A116</key>
		<dict>
			<key>children</key>
			<array>
				<string>15869692187C06C8008A23AC</string>
				<string>15869693187C06C8008A23AC</string>
			</array>
			<key>isa</key>
			<string>PBXGroup</string>
			<key>name</key>
			<string>Folders</string>
			<key>sourceTree</key>
			<string>&lt;group&gt;</string>
		</dict>
		<key>152D077218686E480020A116</key>
		<dict>
			<key>children</key>
			<array>
				<string>15AAADB1187726B800139A47</string>
				<string>15AAADB2187726B800139A47</string>
			</array>
			<key>isa</key>
			<string>PBXGroup</string>
			<key>name</key>
			<string>Collections</string>
			<key>sourceTree</key>
			<string>&lt;group&gt;</string>
		</dict>
		<key>152D077318686E4F0020A116</key>
		<dict>
			<key>children</key>
			<array>
				<string>15AAADAD1877221D00139A47</string>
				<string>15AAADAE1877221D00139A47</string>
			</array>
			<key>isa</key>
			<string>PBXGroup</string>
			<key>name</key>
			<string>Projects</string>
			<key>sourceTree</key>
			<string>&lt;group&gt;</string>
		</dict>
		<key>152D077618686ECF0020A116</key>
		<dict>
			<key>children</key>
			<array>
				<string>15F55CD9187EC11E001BC840</string>
				<string>15F55CDA187EC11E001BC840</string>
			</array>
			<key>isa</key>
			<string>PBXGroup</string>
			<key>name</key>
			<string>Collections</string>
			<key>path</key>
			<string>Responses/Collections</string>
			<key>sourceTree</key>
			<string>&lt;group&gt;</string>
		</dict>
		<key>152D077718686ECF0020A116</key>
		<dict>
			<key>children</key>
			<array>
				<string>15F55CE1187EC4A2001BC840</string>
				<string>15F55CE2187EC4A2001BC840</string>
			</array>
			<key>isa</key>
			<string>PBXGroup</string>
			<key>name</key>
			<string>Data Objects</string>
			<key>path</key>
			<string>Responses/DataObjects</string>
			<key>sourceTree</key>
			<string>&lt;group&gt;</string>
		</dict>
		<key>152D077818686ECF0020A116</key>
		<dict>
			<key>children</key>
			<array>
				<string>15F55CDD187EC412001BC840</string>
				<string>15F55CDE187EC412001BC840</string>
			</array>
			<key>isa</key>
			<string>PBXGroup</string>
			<key>name</key>
			<string>Folders</string>
			<key>path</key>
			<string>Responses/Folders</string>
			<key>sourceTree</key>
			<string>&lt;group&gt;</string>
		</dict>
		<key>152D077918686ECF0020A116</key>
		<dict>
			<key>children</key>
			<array>
				<string>15F55CE9187EE8E9001BC840</string>
				<string>15F55CEA187EE8E9001BC840</string>
			</array>
			<key>isa</key>
			<string>PBXGroup</string>
			<key>name</key>
			<string>Notification</string>
			<key>path</key>
			<string>Responses/Notification</string>
			<key>sourceTree</key>
			<string>&lt;group&gt;</string>
		</dict>
		<key>152D077A18686ECF0020A116</key>
		<dict>
			<key>children</key>
			<array>
				<string>15F55CD5187EBFBA001BC840</string>
				<string>15F55CD6187EBFBA001BC840</string>
			</array>
			<key>isa</key>
			<string>PBXGroup</string>
			<key>name</key>
			<string>Projects</string>
			<key>path</key>
			<string>Responses/Projects</string>
			<key>sourceTree</key>
			<string>&lt;group&gt;</string>
		</dict>
		<key>152D077B18686ECF0020A116</key>
		<dict>
			<key>children</key>
			<array>
				<string>15F55CED187EE979001BC840</string>
				<string>15F55CEE187EE979001BC840</string>
			</array>
			<key>isa</key>
			<string>PBXGroup</string>
			<key>name</key>
			<string>Subscriptions</string>
			<key>path</key>
			<string>Responses/Subscriptions</string>
			<key>sourceTree</key>
			<string>&lt;group&gt;</string>
		</dict>
		<key>152D077C18686ECF0020A116</key>
		<dict>
			<key>children</key>
			<array>
				<string>15F55CE5187EC6BA001BC840</string>
				<string>15F55CE6187EC6BA001BC840</string>
			</array>
			<key>isa</key>
			<string>PBXGroup</string>
			<key>name</key>
			<string>Users</string>
			<key>path</key>
			<string>Responses/Users</string>
			<key>sourceTree</key>
			<string>&lt;group&gt;</string>
		</dict>
		<key>1548BFD619AB5A3000267128</key>
		<dict>
			<key>fileEncoding</key>
			<string>4</string>
			<key>isa</key>
			<string>PBXFileReference</string>
			<key>lastKnownFileType</key>
			<string>sourcecode.c.h</string>
			<key>name</key>
			<string>SyncanoReachability.h</string>
			<key>path</key>
			<string>Syncano/SyncanoReachability.h</string>
			<key>sourceTree</key>
			<string>SOURCE_ROOT</string>
		</dict>
		<key>1548BFD719AB5A3000267128</key>
		<dict>
			<key>fileEncoding</key>
			<string>4</string>
			<key>isa</key>
			<string>PBXFileReference</string>
			<key>lastKnownFileType</key>
			<string>sourcecode.c.objc</string>
			<key>name</key>
			<string>SyncanoReachability.m</string>
			<key>path</key>
			<string>Syncano/SyncanoReachability.m</string>
			<key>sourceTree</key>
			<string>SOURCE_ROOT</string>
		</dict>
		<key>1548BFD819AB5A3000267128</key>
		<dict>
			<key>fileRef</key>
			<string>1548BFD719AB5A3000267128</string>
			<key>isa</key>
			<string>PBXBuildFile</string>
		</dict>
		<key>154C0861187DAEBD0014270F</key>
		<dict>
			<key>fileEncoding</key>
			<string>4</string>
			<key>isa</key>
			<string>PBXFileReference</string>
			<key>lastKnownFileType</key>
			<string>sourcecode.c.h</string>
			<key>name</key>
			<string>SyncanoObjects.h</string>
			<key>path</key>
			<string>Objects/SyncanoObjects.h</string>
			<key>sourceTree</key>
			<string>&lt;group&gt;</string>
		</dict>
		<key>154C0862187DAEBD0014270F</key>
		<dict>
			<key>fileEncoding</key>
			<string>4</string>
			<key>isa</key>
			<string>PBXFileReference</string>
			<key>lastKnownFileType</key>
			<string>sourcecode.c.objc</string>
			<key>name</key>
			<string>SyncanoObjects.m</string>
			<key>path</key>
			<string>Objects/SyncanoObjects.m</string>
			<key>sourceTree</key>
			<string>&lt;group&gt;</string>
		</dict>
		<key>154C0865187DAEC20014270F</key>
		<dict>
			<key>children</key>
			<array>
				<string>154C0861187DAEBD0014270F</string>
				<string>154C0862187DAEBD0014270F</string>
				<string>150B59761886CD4D00E1F9C2</string>
				<string>150B59771886CD4D00E1F9C2</string>
			</array>
			<key>isa</key>
			<string>PBXGroup</string>
			<key>name</key>
			<string>Objects</string>
			<key>path</key>
			<string>../Syncano</string>
			<key>sourceTree</key>
			<string>&lt;group&gt;</string>
		</dict>
		<key>15791F8118842CAF00889728</key>
		<dict>
			<key>fileEncoding</key>
			<string>4</string>
			<key>isa</key>
			<string>PBXFileReference</string>
			<key>lastKnownFileType</key>
			<string>sourcecode.c.h</string>
			<key>name</key>
			<string>SyncanoSyncServer.h</string>
			<key>path</key>
			<string>../Syncano/SyncanoSyncServer.h</string>
			<key>sourceTree</key>
			<string>&lt;group&gt;</string>
		</dict>
		<key>15791F8218842CAF00889728</key>
		<dict>
			<key>fileEncoding</key>
			<string>4</string>
			<key>isa</key>
			<string>PBXFileReference</string>
			<key>lastKnownFileType</key>
			<string>sourcecode.c.objc</string>
			<key>name</key>
			<string>SyncanoSyncServer.m</string>
			<key>path</key>
			<string>../Syncano/SyncanoSyncServer.m</string>
			<key>sourceTree</key>
			<string>&lt;group&gt;</string>
		</dict>
		<key>15869692187C06C8008A23AC</key>
		<dict>
			<key>fileEncoding</key>
			<string>4</string>
			<key>isa</key>
			<string>PBXFileReference</string>
			<key>lastKnownFileType</key>
			<string>sourcecode.c.h</string>
			<key>name</key>
			<string>SyncanoParameters_Folders.h</string>
			<key>path</key>
			<string>Parameters/Folders/SyncanoParameters_Folders.h</string>
			<key>sourceTree</key>
			<string>&lt;group&gt;</string>
		</dict>
		<key>15869693187C06C8008A23AC</key>
		<dict>
			<key>fileEncoding</key>
			<string>4</string>
			<key>isa</key>
			<string>PBXFileReference</string>
			<key>lastKnownFileType</key>
			<string>sourcecode.c.objc</string>
			<key>name</key>
			<string>SyncanoParameters_Folders.m</string>
			<key>path</key>
			<string>Parameters/Folders/SyncanoParameters_Folders.m</string>
			<key>sourceTree</key>
			<string>&lt;group&gt;</string>
		</dict>
		<key>15869696187C09DC008A23AC</key>
		<dict>
			<key>fileEncoding</key>
			<string>4</string>
			<key>isa</key>
			<string>PBXFileReference</string>
			<key>lastKnownFileType</key>
			<string>sourcecode.c.h</string>
			<key>name</key>
			<string>SyncanoParameters_DataObjects.h</string>
			<key>path</key>
			<string>Parameters/DataObjects/SyncanoParameters_DataObjects.h</string>
			<key>sourceTree</key>
			<string>&lt;group&gt;</string>
		</dict>
		<key>15869697187C09DC008A23AC</key>
		<dict>
			<key>fileEncoding</key>
			<string>4</string>
			<key>isa</key>
			<string>PBXFileReference</string>
			<key>lastKnownFileType</key>
			<string>sourcecode.c.objc</string>
			<key>name</key>
			<string>SyncanoParameters_DataObjects.m</string>
			<key>path</key>
			<string>Parameters/DataObjects/SyncanoParameters_DataObjects.m</string>
			<key>sourceTree</key>
			<string>&lt;group&gt;</string>
		</dict>
		<key>1586969A187C2CB8008A23AC</key>
		<dict>
			<key>fileEncoding</key>
			<string>4</string>
			<key>isa</key>
			<string>PBXFileReference</string>
			<key>lastKnownFileType</key>
			<string>sourcecode.c.h</string>
			<key>name</key>
			<string>SyncanoParameters_Users.h</string>
			<key>path</key>
			<string>Parameters/Users/SyncanoParameters_Users.h</string>
			<key>sourceTree</key>
			<string>&lt;group&gt;</string>
		</dict>
		<key>1586969B187C2CB8008A23AC</key>
		<dict>
			<key>fileEncoding</key>
			<string>4</string>
			<key>isa</key>
			<string>PBXFileReference</string>
			<key>lastKnownFileType</key>
			<string>sourcecode.c.objc</string>
			<key>name</key>
			<string>SyncanoParameters_Users.m</string>
			<key>path</key>
			<string>Parameters/Users/SyncanoParameters_Users.m</string>
			<key>sourceTree</key>
			<string>&lt;group&gt;</string>
		</dict>
		<key>1586969E187C317B008A23AC</key>
		<dict>
			<key>fileEncoding</key>
			<string>4</string>
			<key>isa</key>
			<string>PBXFileReference</string>
			<key>lastKnownFileType</key>
			<string>sourcecode.c.h</string>
			<key>name</key>
			<string>SyncanoParameters_Notifications.h</string>
			<key>path</key>
			<string>Parameters/Notification/SyncanoParameters_Notifications.h</string>
			<key>sourceTree</key>
			<string>&lt;group&gt;</string>
		</dict>
		<key>1586969F187C317B008A23AC</key>
		<dict>
			<key>fileEncoding</key>
			<string>4</string>
			<key>isa</key>
			<string>PBXFileReference</string>
			<key>lastKnownFileType</key>
			<string>sourcecode.c.objc</string>
			<key>name</key>
			<string>SyncanoParameters_Notifications.m</string>
			<key>path</key>
			<string>Parameters/Notification/SyncanoParameters_Notifications.m</string>
			<key>sourceTree</key>
			<string>&lt;group&gt;</string>
		</dict>
		<key>158696A2187C32BD008A23AC</key>
		<dict>
			<key>fileEncoding</key>
			<string>4</string>
			<key>isa</key>
			<string>PBXFileReference</string>
			<key>lastKnownFileType</key>
			<string>sourcecode.c.h</string>
			<key>name</key>
			<string>SyncanoParameters_Subscriptions.h</string>
			<key>path</key>
			<string>Parameters/Subscriptions/SyncanoParameters_Subscriptions.h</string>
			<key>sourceTree</key>
			<string>&lt;group&gt;</string>
		</dict>
		<key>158696A3187C32BD008A23AC</key>
		<dict>
			<key>fileEncoding</key>
			<string>4</string>
			<key>isa</key>
			<string>PBXFileReference</string>
			<key>lastKnownFileType</key>
			<string>sourcecode.c.objc</string>
			<key>name</key>
			<string>SyncanoParameters_Subscriptions.m</string>
			<key>path</key>
			<string>Parameters/Subscriptions/SyncanoParameters_Subscriptions.m</string>
			<key>sourceTree</key>
			<string>&lt;group&gt;</string>
		</dict>
		<key>158696A6187C4648008A23AC</key>
		<dict>
			<key>isa</key>
			<string>PBXFileReference</string>
			<key>lastKnownFileType</key>
			<string>sourcecode.c.h</string>
			<key>name</key>
			<string>SyncanoResponse_Private.h</string>
			<key>path</key>
			<string>Responses/SyncanoResponse_Private.h</string>
			<key>sourceTree</key>
			<string>&lt;group&gt;</string>
		</dict>
		<key>159E9ED418D1E0C0007486FA</key>
		<dict>
			<key>isa</key>
			<string>PBXFileReference</string>
			<key>lastKnownFileType</key>
			<string>sourcecode.c.h</string>
			<key>name</key>
			<string>SyncanoProtocolAdministrators.h</string>
			<key>path</key>
			<string>Protocols/SyncanoProtocolAdministrators.h</string>
			<key>sourceTree</key>
			<string>&lt;group&gt;</string>
		</dict>
		<key>159E9ED918D20717007486FA</key>
		<dict>
			<key>isa</key>
			<string>PBXFileReference</string>
			<key>lastKnownFileType</key>
			<string>sourcecode.c.h</string>
			<key>name</key>
			<string>SyncanoProtocolAPIKeys.h</string>
			<key>path</key>
			<string>Protocols/SyncanoProtocolAPIKeys.h</string>
			<key>sourceTree</key>
			<string>&lt;group&gt;</string>
		</dict>
		<key>15AAADA81876CB6D00139A47</key>
		<dict>
			<key>children</key>
			<array>
				<string>15AAADA91876CB7F00139A47</string>
				<string>15AAADAA1876CB7F00139A47</string>
			</array>
			<key>isa</key>
			<string>PBXGroup</string>
			<key>name</key>
			<string>Utilities</string>
			<key>path</key>
			<string>../Syncano/Utilities</string>
			<key>sourceTree</key>
			<string>&lt;group&gt;</string>
		</dict>
		<key>15AAADA91876CB7F00139A47</key>
		<dict>
			<key>fileEncoding</key>
			<string>4</string>
			<key>isa</key>
			<string>PBXFileReference</string>
			<key>lastKnownFileType</key>
			<string>sourcecode.c.h</string>
			<key>path</key>
			<string>SyncanoDateFormatter.h</string>
			<key>sourceTree</key>
			<string>&lt;group&gt;</string>
		</dict>
		<key>15AAADAA1876CB7F00139A47</key>
		<dict>
			<key>fileEncoding</key>
			<string>4</string>
			<key>isa</key>
			<string>PBXFileReference</string>
			<key>lastKnownFileType</key>
			<string>sourcecode.c.objc</string>
			<key>path</key>
			<string>SyncanoDateFormatter.m</string>
			<key>sourceTree</key>
			<string>&lt;group&gt;</string>
		</dict>
		<key>15AAADAD1877221D00139A47</key>
		<dict>
			<key>fileEncoding</key>
			<string>4</string>
			<key>isa</key>
			<string>PBXFileReference</string>
			<key>lastKnownFileType</key>
			<string>sourcecode.c.h</string>
			<key>name</key>
			<string>SyncanoParameters_Projects.h</string>
			<key>path</key>
			<string>Parameters/Projects/SyncanoParameters_Projects.h</string>
			<key>sourceTree</key>
			<string>&lt;group&gt;</string>
		</dict>
		<key>15AAADAE1877221D00139A47</key>
		<dict>
			<key>fileEncoding</key>
			<string>4</string>
			<key>isa</key>
			<string>PBXFileReference</string>
			<key>lastKnownFileType</key>
			<string>sourcecode.c.objc</string>
			<key>name</key>
			<string>SyncanoParameters_Projects.m</string>
			<key>path</key>
			<string>Parameters/Projects/SyncanoParameters_Projects.m</string>
			<key>sourceTree</key>
			<string>&lt;group&gt;</string>
		</dict>
		<key>15AAADB1187726B800139A47</key>
		<dict>
			<key>fileEncoding</key>
			<string>4</string>
			<key>isa</key>
			<string>PBXFileReference</string>
			<key>lastKnownFileType</key>
			<string>sourcecode.c.h</string>
			<key>name</key>
			<string>SyncanoParameters_Collections.h</string>
			<key>path</key>
			<string>Parameters/Collections/SyncanoParameters_Collections.h</string>
			<key>sourceTree</key>
			<string>&lt;group&gt;</string>
		</dict>
		<key>15AAADB2187726B800139A47</key>
		<dict>
			<key>fileEncoding</key>
			<string>4</string>
			<key>isa</key>
			<string>PBXFileReference</string>
			<key>lastKnownFileType</key>
			<string>sourcecode.c.objc</string>
			<key>name</key>
			<string>SyncanoParameters_Collections.m</string>
			<key>path</key>
			<string>Parameters/Collections/SyncanoParameters_Collections.m</string>
			<key>sourceTree</key>
			<string>&lt;group&gt;</string>
		</dict>
		<key>15AEA8AF18D0A6F70046A35D</key>
		<dict>
			<key>children</key>
			<array>
				<string>15AEA8B018D0A7060046A35D</string>
				<string>15AEA8B118D0A7170046A35D</string>
				<string>15AEA8B218D0A7260046A35D</string>
			</array>
			<key>isa</key>
			<string>PBXGroup</string>
			<key>name</key>
			<string>Access Managament</string>
			<key>sourceTree</key>
			<string>&lt;group&gt;</string>
		</dict>
		<key>15AEA8B018D0A7060046A35D</key>
		<dict>
			<key>children</key>
			<array>
				<string>15AEA8C518D0AF470046A35D</string>
				<string>15AEA8C618D0AF470046A35D</string>
			</array>
			<key>isa</key>
			<string>PBXGroup</string>
			<key>name</key>
			<string>Administrators</string>
			<key>sourceTree</key>
			<string>&lt;group&gt;</string>
		</dict>
		<key>15AEA8B118D0A7170046A35D</key>
		<dict>
			<key>children</key>
			<array>
				<string>15AEA8C118D0AF2D0046A35D</string>
				<string>15AEA8C218D0AF2D0046A35D</string>
			</array>
			<key>isa</key>
			<string>PBXGroup</string>
			<key>name</key>
			<string>API Keys</string>
			<key>sourceTree</key>
			<string>&lt;group&gt;</string>
		</dict>
		<key>15AEA8B218D0A7260046A35D</key>
		<dict>
			<key>children</key>
			<array>
				<string>15AEA8BD18D0AEAF0046A35D</string>
				<string>15AEA8BE18D0AEAF0046A35D</string>
			</array>
			<key>isa</key>
			<string>PBXGroup</string>
			<key>name</key>
			<string>Permission Roles</string>
			<key>sourceTree</key>
			<string>&lt;group&gt;</string>
		</dict>
		<key>15AEA8B318D0A74C0046A35D</key>
		<dict>
			<key>children</key>
			<array>
				<string>152D077318686E4F0020A116</string>
				<string>152D077218686E480020A116</string>
				<string>152D077118686E400020A116</string>
				<string>152D077018686E370020A116</string>
			</array>
			<key>isa</key>
			<string>PBXGroup</string>
			<key>name</key>
			<string>Data Management</string>
			<key>sourceTree</key>
			<string>&lt;group&gt;</string>
		</dict>
		<key>15AEA8B418D0A7630046A35D</key>
		<dict>
			<key>children</key>
			<array>
				<string>152D076F18686E2D0020A116</string>
			</array>
			<key>isa</key>
			<string>PBXGroup</string>
			<key>name</key>
			<string>User Management</string>
			<key>sourceTree</key>
			<string>&lt;group&gt;</string>
		</dict>
		<key>15AEA8B518D0A76E0046A35D</key>
		<dict>
			<key>children</key>
			<array>
				<string>152D076D18686DC10020A116</string>
				<string>152D076E18686E260020A116</string>
				<string>151E697318D22C610034BBEB</string>
			</array>
			<key>isa</key>
			<string>PBXGroup</string>
			<key>name</key>
			<string>Real Time Sync</string>
			<key>sourceTree</key>
			<string>&lt;group&gt;</string>
		</dict>
		<key>15AEA8B618D0A7830046A35D</key>
		<dict>
			<key>children</key>
			<array>
				<string>15AEA8B918D0A7940046A35D</string>
				<string>15AEA8B818D0A78F0046A35D</string>
				<string>15AEA8B718D0A7890046A35D</string>
			</array>
			<key>isa</key>
			<string>PBXGroup</string>
			<key>name</key>
			<string>Access Managament</string>
			<key>sourceTree</key>
			<string>&lt;group&gt;</string>
		</dict>
		<key>15AEA8B718D0A7890046A35D</key>
		<dict>
			<key>children</key>
			<array>
				<string>15AEA8D118D0AFA70046A35D</string>
				<string>15AEA8D218D0AFA70046A35D</string>
			</array>
			<key>isa</key>
			<string>PBXGroup</string>
			<key>name</key>
			<string>Permission Roles</string>
			<key>sourceTree</key>
			<string>&lt;group&gt;</string>
		</dict>
		<key>15AEA8B818D0A78F0046A35D</key>
		<dict>
			<key>children</key>
			<array>
				<string>15AEA8CD18D0AF930046A35D</string>
				<string>15AEA8CE18D0AF930046A35D</string>
			</array>
			<key>isa</key>
			<string>PBXGroup</string>
			<key>name</key>
			<string>API Keys</string>
			<key>sourceTree</key>
			<string>&lt;group&gt;</string>
		</dict>
		<key>15AEA8B918D0A7940046A35D</key>
		<dict>
			<key>children</key>
			<array>
				<string>15AEA8C918D0AF7A0046A35D</string>
				<string>15AEA8CA18D0AF7A0046A35D</string>
			</array>
			<key>isa</key>
			<string>PBXGroup</string>
			<key>name</key>
			<string>Administrators</string>
			<key>sourceTree</key>
			<string>&lt;group&gt;</string>
		</dict>
		<key>15AEA8BA18D0A7A20046A35D</key>
		<dict>
			<key>children</key>
			<array>
				<string>152D077A18686ECF0020A116</string>
				<string>152D077618686ECF0020A116</string>
				<string>152D077818686ECF0020A116</string>
				<string>152D077718686ECF0020A116</string>
			</array>
			<key>isa</key>
			<string>PBXGroup</string>
			<key>name</key>
			<string>Data Management</string>
			<key>sourceTree</key>
			<string>&lt;group&gt;</string>
		</dict>
		<key>15AEA8BB18D0A7A80046A35D</key>
		<dict>
			<key>children</key>
			<array>
				<string>152D077C18686ECF0020A116</string>
			</array>
			<key>isa</key>
			<string>PBXGroup</string>
			<key>name</key>
			<string>User Management</string>
			<key>sourceTree</key>
			<string>&lt;group&gt;</string>
		</dict>
		<key>15AEA8BC18D0A7AE0046A35D</key>
		<dict>
			<key>children</key>
			<array>
				<string>152D077B18686ECF0020A116</string>
				<string>152D077918686ECF0020A116</string>
				<string>151E697818D22C9E0034BBEB</string>
			</array>
			<key>isa</key>
			<string>PBXGroup</string>
			<key>name</key>
			<string>Real Time Sync</string>
			<key>sourceTree</key>
			<string>&lt;group&gt;</string>
		</dict>
		<key>15AEA8BD18D0AEAF0046A35D</key>
		<dict>
			<key>fileEncoding</key>
			<string>4</string>
			<key>isa</key>
			<string>PBXFileReference</string>
			<key>lastKnownFileType</key>
			<string>sourcecode.c.h</string>
			<key>name</key>
			<string>SyncanoParameters_PermissionRoles.h</string>
			<key>path</key>
			<string>Parameters/PermissionRoles/SyncanoParameters_PermissionRoles.h</string>
			<key>sourceTree</key>
			<string>&lt;group&gt;</string>
		</dict>
		<key>15AEA8BE18D0AEAF0046A35D</key>
		<dict>
			<key>fileEncoding</key>
			<string>4</string>
			<key>isa</key>
			<string>PBXFileReference</string>
			<key>lastKnownFileType</key>
			<string>sourcecode.c.objc</string>
			<key>name</key>
			<string>SyncanoParameters_PermissionRoles.m</string>
			<key>path</key>
			<string>Parameters/PermissionRoles/SyncanoParameters_PermissionRoles.m</string>
			<key>sourceTree</key>
			<string>&lt;group&gt;</string>
		</dict>
		<key>15AEA8C118D0AF2D0046A35D</key>
		<dict>
			<key>fileEncoding</key>
			<string>4</string>
			<key>isa</key>
			<string>PBXFileReference</string>
			<key>lastKnownFileType</key>
			<string>sourcecode.c.h</string>
			<key>name</key>
			<string>SyncanoParameters_APIKeys.h</string>
			<key>path</key>
			<string>Parameters/APIKeys/SyncanoParameters_APIKeys.h</string>
			<key>sourceTree</key>
			<string>&lt;group&gt;</string>
		</dict>
		<key>15AEA8C218D0AF2D0046A35D</key>
		<dict>
			<key>fileEncoding</key>
			<string>4</string>
			<key>isa</key>
			<string>PBXFileReference</string>
			<key>lastKnownFileType</key>
			<string>sourcecode.c.objc</string>
			<key>name</key>
			<string>SyncanoParameters_APIKeys.m</string>
			<key>path</key>
			<string>Parameters/APIKeys/SyncanoParameters_APIKeys.m</string>
			<key>sourceTree</key>
			<string>&lt;group&gt;</string>
		</dict>
		<key>15AEA8C518D0AF470046A35D</key>
		<dict>
			<key>fileEncoding</key>
			<string>4</string>
			<key>isa</key>
			<string>PBXFileReference</string>
			<key>lastKnownFileType</key>
			<string>sourcecode.c.h</string>
			<key>name</key>
			<string>SyncanoParameters_Administrators.h</string>
			<key>path</key>
			<string>Parameters/Administrators/SyncanoParameters_Administrators.h</string>
			<key>sourceTree</key>
			<string>&lt;group&gt;</string>
		</dict>
		<key>15AEA8C618D0AF470046A35D</key>
		<dict>
			<key>fileEncoding</key>
			<string>4</string>
			<key>isa</key>
			<string>PBXFileReference</string>
			<key>lastKnownFileType</key>
			<string>sourcecode.c.objc</string>
			<key>name</key>
			<string>SyncanoParameters_Administrators.m</string>
			<key>path</key>
			<string>Parameters/Administrators/SyncanoParameters_Administrators.m</string>
			<key>sourceTree</key>
			<string>&lt;group&gt;</string>
		</dict>
		<key>15AEA8C918D0AF7A0046A35D</key>
		<dict>
			<key>fileEncoding</key>
			<string>4</string>
			<key>isa</key>
			<string>PBXFileReference</string>
			<key>lastKnownFileType</key>
			<string>sourcecode.c.h</string>
			<key>name</key>
			<string>SyncanoResponse_Administrators.h</string>
			<key>path</key>
			<string>Responses/Administrators/SyncanoResponse_Administrators.h</string>
			<key>sourceTree</key>
			<string>&lt;group&gt;</string>
		</dict>
		<key>15AEA8CA18D0AF7A0046A35D</key>
		<dict>
			<key>fileEncoding</key>
			<string>4</string>
			<key>isa</key>
			<string>PBXFileReference</string>
			<key>lastKnownFileType</key>
			<string>sourcecode.c.objc</string>
			<key>name</key>
			<string>SyncanoResponse_Administrators.m</string>
			<key>path</key>
			<string>Responses/Administrators/SyncanoResponse_Administrators.m</string>
			<key>sourceTree</key>
			<string>&lt;group&gt;</string>
		</dict>
		<key>15AEA8CD18D0AF930046A35D</key>
		<dict>
			<key>fileEncoding</key>
			<string>4</string>
			<key>isa</key>
			<string>PBXFileReference</string>
			<key>lastKnownFileType</key>
			<string>sourcecode.c.h</string>
			<key>name</key>
			<string>SyncanoResponse_APIKeys.h</string>
			<key>path</key>
			<string>Responses/APIKeys/SyncanoResponse_APIKeys.h</string>
			<key>sourceTree</key>
			<string>&lt;group&gt;</string>
		</dict>
		<key>15AEA8CE18D0AF930046A35D</key>
		<dict>
			<key>fileEncoding</key>
			<string>4</string>
			<key>isa</key>
			<string>PBXFileReference</string>
			<key>lastKnownFileType</key>
			<string>sourcecode.c.objc</string>
			<key>name</key>
			<string>SyncanoResponse_APIKeys.m</string>
			<key>path</key>
			<string>Responses/APIKeys/SyncanoResponse_APIKeys.m</string>
			<key>sourceTree</key>
			<string>&lt;group&gt;</string>
		</dict>
		<key>15AEA8D118D0AFA70046A35D</key>
		<dict>
			<key>fileEncoding</key>
			<string>4</string>
			<key>isa</key>
			<string>PBXFileReference</string>
			<key>lastKnownFileType</key>
			<string>sourcecode.c.h</string>
			<key>name</key>
			<string>SyncanoResponse_PermissionRoles.h</string>
			<key>path</key>
			<string>Responses/PermissionRoles/SyncanoResponse_PermissionRoles.h</string>
			<key>sourceTree</key>
			<string>&lt;group&gt;</string>
		</dict>
		<key>15AEA8D218D0AFA70046A35D</key>
		<dict>
			<key>fileEncoding</key>
			<string>4</string>
			<key>isa</key>
			<string>PBXFileReference</string>
			<key>lastKnownFileType</key>
			<string>sourcecode.c.objc</string>
			<key>name</key>
			<string>SyncanoResponse_PermissionRoles.m</string>
			<key>path</key>
			<string>Responses/PermissionRoles/SyncanoResponse_PermissionRoles.m</string>
			<key>sourceTree</key>
			<string>&lt;group&gt;</string>
		</dict>
		<key>15C1F3DC19213140005E4EC4</key>
		<dict>
			<key>isa</key>
			<string>PBXFileReference</string>
			<key>lastKnownFileType</key>
			<string>wrapper.framework</string>
			<key>name</key>
			<string>UIKit.framework</string>
			<key>path</key>
			<string>System/Library/Frameworks/UIKit.framework</string>
			<key>sourceTree</key>
			<string>SDKROOT</string>
		</dict>
		<key>15C1F3DD19213140005E4EC4</key>
		<dict>
			<key>fileRef</key>
			<string>15C1F3DC19213140005E4EC4</string>
			<key>isa</key>
			<string>PBXBuildFile</string>
		</dict>
		<key>15F55CD5187EBFBA001BC840</key>
		<dict>
			<key>fileEncoding</key>
			<string>4</string>
			<key>isa</key>
			<string>PBXFileReference</string>
			<key>lastKnownFileType</key>
			<string>sourcecode.c.h</string>
			<key>path</key>
			<string>SyncanoResponse_Projects.h</string>
			<key>sourceTree</key>
			<string>&lt;group&gt;</string>
		</dict>
		<key>15F55CD6187EBFBA001BC840</key>
		<dict>
			<key>fileEncoding</key>
			<string>4</string>
			<key>isa</key>
			<string>PBXFileReference</string>
			<key>lastKnownFileType</key>
			<string>sourcecode.c.objc</string>
			<key>path</key>
			<string>SyncanoResponse_Projects.m</string>
			<key>sourceTree</key>
			<string>&lt;group&gt;</string>
		</dict>
		<key>15F55CD9187EC11E001BC840</key>
		<dict>
			<key>fileEncoding</key>
			<string>4</string>
			<key>isa</key>
			<string>PBXFileReference</string>
			<key>lastKnownFileType</key>
			<string>sourcecode.c.h</string>
			<key>path</key>
			<string>SyncanoResponse_Collections.h</string>
			<key>sourceTree</key>
			<string>&lt;group&gt;</string>
		</dict>
		<key>15F55CDA187EC11E001BC840</key>
		<dict>
			<key>fileEncoding</key>
			<string>4</string>
			<key>isa</key>
			<string>PBXFileReference</string>
			<key>lastKnownFileType</key>
			<string>sourcecode.c.objc</string>
			<key>path</key>
			<string>SyncanoResponse_Collections.m</string>
			<key>sourceTree</key>
			<string>&lt;group&gt;</string>
		</dict>
		<key>15F55CDD187EC412001BC840</key>
		<dict>
			<key>fileEncoding</key>
			<string>4</string>
			<key>isa</key>
			<string>PBXFileReference</string>
			<key>lastKnownFileType</key>
			<string>sourcecode.c.h</string>
			<key>path</key>
			<string>SyncanoResponse_Folders.h</string>
			<key>sourceTree</key>
			<string>&lt;group&gt;</string>
		</dict>
		<key>15F55CDE187EC412001BC840</key>
		<dict>
			<key>fileEncoding</key>
			<string>4</string>
			<key>isa</key>
			<string>PBXFileReference</string>
			<key>lastKnownFileType</key>
			<string>sourcecode.c.objc</string>
			<key>path</key>
			<string>SyncanoResponse_Folders.m</string>
			<key>sourceTree</key>
			<string>&lt;group&gt;</string>
		</dict>
		<key>15F55CE1187EC4A2001BC840</key>
		<dict>
			<key>fileEncoding</key>
			<string>4</string>
			<key>isa</key>
			<string>PBXFileReference</string>
			<key>lastKnownFileType</key>
			<string>sourcecode.c.h</string>
			<key>path</key>
			<string>SyncanoResponse_DataObjects.h</string>
			<key>sourceTree</key>
			<string>&lt;group&gt;</string>
		</dict>
		<key>15F55CE2187EC4A2001BC840</key>
		<dict>
			<key>fileEncoding</key>
			<string>4</string>
			<key>isa</key>
			<string>PBXFileReference</string>
			<key>lastKnownFileType</key>
			<string>sourcecode.c.objc</string>
			<key>path</key>
			<string>SyncanoResponse_DataObjects.m</string>
			<key>sourceTree</key>
			<string>&lt;group&gt;</string>
		</dict>
		<key>15F55CE5187EC6BA001BC840</key>
		<dict>
			<key>fileEncoding</key>
			<string>4</string>
			<key>isa</key>
			<string>PBXFileReference</string>
			<key>lastKnownFileType</key>
			<string>sourcecode.c.h</string>
			<key>path</key>
			<string>SyncanoResponse_Users.h</string>
			<key>sourceTree</key>
			<string>&lt;group&gt;</string>
		</dict>
		<key>15F55CE6187EC6BA001BC840</key>
		<dict>
			<key>fileEncoding</key>
			<string>4</string>
			<key>isa</key>
			<string>PBXFileReference</string>
			<key>lastKnownFileType</key>
			<string>sourcecode.c.objc</string>
			<key>path</key>
			<string>SyncanoResponse_Users.m</string>
			<key>sourceTree</key>
			<string>&lt;group&gt;</string>
		</dict>
		<key>15F55CE9187EE8E9001BC840</key>
		<dict>
			<key>fileEncoding</key>
			<string>4</string>
			<key>isa</key>
			<string>PBXFileReference</string>
			<key>lastKnownFileType</key>
			<string>sourcecode.c.h</string>
			<key>path</key>
			<string>SyncanoResponse_Notifications.h</string>
			<key>sourceTree</key>
			<string>&lt;group&gt;</string>
		</dict>
		<key>15F55CEA187EE8E9001BC840</key>
		<dict>
			<key>fileEncoding</key>
			<string>4</string>
			<key>isa</key>
			<string>PBXFileReference</string>
			<key>lastKnownFileType</key>
			<string>sourcecode.c.objc</string>
			<key>path</key>
			<string>SyncanoResponse_Notifications.m</string>
			<key>sourceTree</key>
			<string>&lt;group&gt;</string>
		</dict>
		<key>15F55CED187EE979001BC840</key>
		<dict>
			<key>fileEncoding</key>
			<string>4</string>
			<key>isa</key>
			<string>PBXFileReference</string>
			<key>lastKnownFileType</key>
			<string>sourcecode.c.h</string>
			<key>path</key>
			<string>SyncanoResponse_Subscriptions.h</string>
			<key>sourceTree</key>
			<string>&lt;group&gt;</string>
		</dict>
		<key>15F55CEE187EE979001BC840</key>
		<dict>
			<key>fileEncoding</key>
			<string>4</string>
			<key>isa</key>
			<string>PBXFileReference</string>
			<key>lastKnownFileType</key>
			<string>sourcecode.c.objc</string>
			<key>path</key>
			<string>SyncanoResponse_Subscriptions.m</string>
			<key>sourceTree</key>
			<string>&lt;group&gt;</string>
		</dict>
		<key>2B1E7E6C68734486889515FF</key>
		<dict>
			<key>includeInIndex</key>
			<string>1</string>
			<key>isa</key>
			<string>PBXFileReference</string>
			<key>lastKnownFileType</key>
			<string>text.xcconfig</string>
			<key>name</key>
			<string>Pods.release.xcconfig</string>
			<key>path</key>
			<string>Pods/Target Support Files/Pods/Pods.release.xcconfig</string>
			<key>sourceTree</key>
			<string>&lt;group&gt;</string>
		</dict>
		<key>43AEFBBD29134A25A8774F63</key>
		<dict>
			<key>buildActionMask</key>
			<string>2147483647</string>
			<key>files</key>
			<array/>
			<key>inputPaths</key>
			<array/>
			<key>isa</key>
			<string>PBXShellScriptBuildPhase</string>
			<key>name</key>
			<string>Copy Pods Resources</string>
			<key>outputPaths</key>
			<array/>
			<key>runOnlyForDeploymentPostprocessing</key>
			<string>0</string>
			<key>shellPath</key>
			<string>/bin/sh</string>
			<key>shellScript</key>
			<string>"${SRCROOT}/Pods/Target Support Files/Pods/Pods-resources.sh"
</string>
			<key>showEnvVarsInLog</key>
			<string>0</string>
		</dict>
		<key>4CFEF72E1379411185D85EDA</key>
		<dict>
			<key>explicitFileType</key>
			<string>archive.ar</string>
			<key>includeInIndex</key>
			<string>0</string>
			<key>isa</key>
			<string>PBXFileReference</string>
			<key>path</key>
			<string>libPods.a</string>
			<key>sourceTree</key>
			<string>BUILT_PRODUCTS_DIR</string>
		</dict>
		<key>79B61EB181B64F90897D317B</key>
		<dict>
			<key>buildActionMask</key>
			<string>2147483647</string>
			<key>files</key>
			<array/>
			<key>inputPaths</key>
			<array/>
			<key>isa</key>
			<string>PBXShellScriptBuildPhase</string>
			<key>name</key>
			<string>Check Pods Manifest.lock</string>
			<key>outputPaths</key>
			<array/>
			<key>runOnlyForDeploymentPostprocessing</key>
			<string>0</string>
			<key>shellPath</key>
			<string>/bin/sh</string>
			<key>shellScript</key>
			<string>diff "${PODS_ROOT}/../Podfile.lock" "${PODS_ROOT}/Manifest.lock" &gt; /dev/null
if [[ $? != 0 ]] ; then
    cat &lt;&lt; EOM
error: The sandbox is not in sync with the Podfile.lock. Run 'pod install' or update your CocoaPods installation.
EOM
    exit 1
fi
</string>
			<key>showEnvVarsInLog</key>
			<string>0</string>
		</dict>
		<key>97F8EC4AE2134AED9C970E62</key>
		<dict>
			<key>fileRef</key>
			<string>4CFEF72E1379411185D85EDA</string>
			<key>isa</key>
			<string>PBXBuildFile</string>
		</dict>
		<key>BE6A397C18E4793200F5631A</key>
		<dict>
			<key>buildConfigurationList</key>
			<string>BE6A397D18E4793200F5631A</string>
			<key>buildPhases</key>
			<array>
				<string>BE6A398218E47B7100F5631A</string>
			</array>
			<key>dependencies</key>
			<array>
				<string>BE6A398118E47B6600F5631A</string>
			</array>
			<key>isa</key>
			<string>PBXAggregateTarget</string>
			<key>name</key>
			<string>Documentation</string>
			<key>productName</key>
			<string>Documentation</string>
		</dict>
		<key>BE6A397D18E4793200F5631A</key>
		<dict>
			<key>buildConfigurations</key>
			<array>
				<string>BE6A397E18E4793200F5631A</string>
				<string>BE6A397F18E4793200F5631A</string>
			</array>
			<key>defaultConfigurationIsVisible</key>
			<string>0</string>
			<key>defaultConfigurationName</key>
			<string>Release</string>
			<key>isa</key>
			<string>XCConfigurationList</string>
		</dict>
		<key>BE6A397E18E4793200F5631A</key>
		<dict>
			<key>buildSettings</key>
			<dict>
				<key>PRODUCT_NAME</key>
				<string>$(TARGET_NAME)</string>
			</dict>
			<key>isa</key>
			<string>XCBuildConfiguration</string>
			<key>name</key>
			<string>Debug</string>
		</dict>
		<key>BE6A397F18E4793200F5631A</key>
		<dict>
			<key>buildSettings</key>
			<dict>
				<key>PRODUCT_NAME</key>
				<string>$(TARGET_NAME)</string>
			</dict>
			<key>isa</key>
			<string>XCBuildConfiguration</string>
			<key>name</key>
			<string>Release</string>
		</dict>
		<key>BE6A398018E47B6600F5631A</key>
		<dict>
			<key>containerPortal</key>
			<string>152D071A186863B00020A116</string>
			<key>isa</key>
			<string>PBXContainerItemProxy</string>
			<key>proxyType</key>
			<string>1</string>
			<key>remoteGlobalIDString</key>
			<string>BEE157C818D2F33900FFCB6B</string>
			<key>remoteInfo</key>
			<string>syncano-ios-library</string>
		</dict>
		<key>BE6A398118E47B6600F5631A</key>
		<dict>
			<key>isa</key>
			<string>PBXTargetDependency</string>
			<key>target</key>
			<string>BEE157C818D2F33900FFCB6B</string>
			<key>targetProxy</key>
			<string>BE6A398018E47B6600F5631A</string>
		</dict>
		<key>BE6A398218E47B7100F5631A</key>
		<dict>
			<key>buildActionMask</key>
			<string>2147483647</string>
			<key>files</key>
			<array/>
			<key>inputPaths</key>
			<array/>
			<key>isa</key>
			<string>PBXShellScriptBuildPhase</string>
			<key>outputPaths</key>
			<array/>
			<key>runOnlyForDeploymentPostprocessing</key>
			<string>0</string>
			<key>shellPath</key>
			<string>/bin/sh</string>
			<key>shellScript</key>
			<string>/usr/local/bin/appledoc \
--project-name "${PROJECT_NAME}" \
--project-company "Syncano" \
--company-id "com.syncano" \
--output "${PROJECT_NAME}-Docs" \
--install-docset \
--logformat xcode \
--keep-undocumented-objects \
--keep-undocumented-members \
--keep-intermediate-files \
--no-repeat-first-par \
--no-warn-invalid-crossref \
--merge-categories \
--exit-threshold 2 \
--docset-platform-family iphoneos \
--ignore "*.m" \
"${PROJECT_DIR}/${PROJECT_NAME}" &gt; appledoc.log</string>
		</dict>
		<key>BE98F69718D6F59C001EC84E</key>
		<dict>
			<key>isa</key>
			<string>PBXFileReference</string>
			<key>lastKnownFileType</key>
			<string>file</string>
			<key>name</key>
			<string>server.der</string>
			<key>path</key>
			<string>Resources/server.der</string>
			<key>sourceTree</key>
			<string>&lt;group&gt;</string>
		</dict>
		<key>BE98F69818D6F59C001EC84E</key>
		<dict>
			<key>fileRef</key>
			<string>BE98F69718D6F59C001EC84E</string>
			<key>isa</key>
			<string>PBXBuildFile</string>
		</dict>
		<key>BECB558118D6F1B40074BC3C</key>
		<dict>
			<key>children</key>
			<array>
				<string>BE98F69718D6F59C001EC84E</string>
			</array>
			<key>isa</key>
			<string>PBXGroup</string>
			<key>name</key>
			<string>Resources</string>
			<key>sourceTree</key>
			<string>&lt;group&gt;</string>
		</dict>
		<key>BEE157C518D2F33900FFCB6B</key>
		<dict>
			<key>buildActionMask</key>
			<string>2147483647</string>
			<key>files</key>
			<array>
				<string>BEE157F818D2F57A00FFCB6B</string>
				<string>BEE157F018D2F57A00FFCB6B</string>
				<string>BEE157ED18D2F57A00FFCB6B</string>
				<string>BEE157FD18D2F57A00FFCB6B</string>
				<string>1548BFD819AB5A3000267128</string>
				<string>BEE157F618D2F57A00FFCB6B</string>
				<string>BEE157EB18D2F40200FFCB6B</string>
				<string>BEE157EE18D2F57A00FFCB6B</string>
				<string>BEE157F118D2F57A00FFCB6B</string>
				<string>BEE1580418D2F57A00FFCB6B</string>
				<string>BEE1580618D2F57A00FFCB6B</string>
				<string>BEE157F918D2F57A00FFCB6B</string>
				<string>BEE157F318D2F57A00FFCB6B</string>
				<string>BEE1580818D2F57A00FFCB6B</string>
				<string>BEE157FF18D2F57A00FFCB6B</string>
				<string>BEE1580218D2F57A00FFCB6B</string>
				<string>BEE157F418D2F57A00FFCB6B</string>
				<string>BEE157F218D2F57A00FFCB6B</string>
				<string>BEE1580718D2F57A00FFCB6B</string>
				<string>BEE157FE18D2F57A00FFCB6B</string>
				<string>BEE1580518D2F57A00FFCB6B</string>
				<string>BEE1580318D2F57A00FFCB6B</string>
				<string>BEE157EF18D2F57A00FFCB6B</string>
				<string>BEE1580118D2F57A00FFCB6B</string>
				<string>BEE157F718D2F57A00FFCB6B</string>
				<string>BEE1580018D2F57A00FFCB6B</string>
				<string>BEE157FA18D2F57A00FFCB6B</string>
				<string>BEE157F518D2F57A00FFCB6B</string>
				<string>BEE157FB18D2F57A00FFCB6B</string>
				<string>BEE157FC18D2F57A00FFCB6B</string>
			</array>
			<key>isa</key>
			<string>PBXSourcesBuildPhase</string>
			<key>runOnlyForDeploymentPostprocessing</key>
			<string>0</string>
		</dict>
		<key>BEE157C618D2F33900FFCB6B</key>
		<dict>
			<key>buildActionMask</key>
			<string>2147483647</string>
			<key>files</key>
			<array>
				<string>15C1F3DD19213140005E4EC4</string>
				<string>BEE157CA18D2F33900FFCB6B</string>
				<string>97F8EC4AE2134AED9C970E62</string>
			</array>
			<key>isa</key>
			<string>PBXFrameworksBuildPhase</string>
			<key>runOnlyForDeploymentPostprocessing</key>
			<string>0</string>
		</dict>
		<key>BEE157C718D2F33900FFCB6B</key>
		<dict>
			<key>buildActionMask</key>
			<string>2147483647</string>
			<key>dstPath</key>
			<string>include/$(PRODUCT_NAME)</string>
			<key>dstSubfolderSpec</key>
			<string>16</string>
			<key>files</key>
			<array/>
			<key>isa</key>
			<string>PBXCopyFilesBuildPhase</string>
			<key>runOnlyForDeploymentPostprocessing</key>
			<string>0</string>
		</dict>
		<key>BEE157C818D2F33900FFCB6B</key>
		<dict>
			<key>buildConfigurationList</key>
			<string>BEE157E918D2F33A00FFCB6B</string>
			<key>buildPhases</key>
			<array>
				<string>79B61EB181B64F90897D317B</string>
				<string>BEE157C518D2F33900FFCB6B</string>
				<string>BEE157C618D2F33900FFCB6B</string>
				<string>BEE157C718D2F33900FFCB6B</string>
				<string>43AEFBBD29134A25A8774F63</string>
			</array>
			<key>buildRules</key>
			<array/>
			<key>dependencies</key>
			<array/>
			<key>isa</key>
			<string>PBXNativeTarget</string>
			<key>name</key>
			<string>syncano-ios-library</string>
			<key>productName</key>
			<string>syncano-ios-library</string>
			<key>productReference</key>
			<string>BEE157C918D2F33900FFCB6B</string>
			<key>productType</key>
			<string>com.apple.product-type.library.static</string>
		</dict>
		<key>BEE157C918D2F33900FFCB6B</key>
		<dict>
			<key>explicitFileType</key>
			<string>archive.ar</string>
			<key>includeInIndex</key>
			<string>0</string>
			<key>isa</key>
			<string>PBXFileReference</string>
			<key>path</key>
			<string>libsyncano-ios-library.a</string>
			<key>sourceTree</key>
			<string>BUILT_PRODUCTS_DIR</string>
		</dict>
		<key>BEE157CA18D2F33900FFCB6B</key>
		<dict>
			<key>fileRef</key>
			<string>152D0729186863B00020A116</string>
			<key>isa</key>
			<string>PBXBuildFile</string>
		</dict>
		<key>BEE157CB18D2F33900FFCB6B</key>
		<dict>
			<key>children</key>
			<array>
				<string>152D07511868641F0020A116</string>
				<string>152D07521868641F0020A116</string>
				<string>15791F8118842CAF00889728</string>
				<string>15791F8218842CAF00889728</string>
				<string>1548BFD619AB5A3000267128</string>
				<string>1548BFD719AB5A3000267128</string>
				<string>15AAADA81876CB6D00139A47</string>
				<string>154C0865187DAEC20014270F</string>
				<string>152D07621868667A0020A116</string>
				<string>152D07561868645D0020A116</string>
				<string>152D0755186864500020A116</string>
				<string>BEE157CC18D2F33900FFCB6B</string>
			</array>
			<key>isa</key>
			<string>PBXGroup</string>
			<key>name</key>
			<string>Syncano</string>
			<key>path</key>
			<string>syncano-ios-library</string>
			<key>sourceTree</key>
			<string>&lt;group&gt;</string>
		</dict>
		<key>BEE157CC18D2F33900FFCB6B</key>
		<dict>
			<key>children</key>
			<array>
				<string>BEE157CD18D2F33900FFCB6B</string>
			</array>
			<key>isa</key>
			<string>PBXGroup</string>
			<key>name</key>
			<string>Supporting Files</string>
			<key>sourceTree</key>
			<string>&lt;group&gt;</string>
		</dict>
		<key>BEE157CD18D2F33900FFCB6B</key>
		<dict>
			<key>isa</key>
			<string>PBXFileReference</string>
			<key>lastKnownFileType</key>
			<string>sourcecode.c.h</string>
			<key>path</key>
			<string>syncano-ios-library-Prefix.pch</string>
			<key>sourceTree</key>
			<string>&lt;group&gt;</string>
		</dict>
		<key>BEE157D218D2F33900FFCB6B</key>
		<dict>
			<key>buildActionMask</key>
			<string>2147483647</string>
			<key>files</key>
			<array>
				<string>BEE157E418D2F33A00FFCB6B</string>
			</array>
			<key>isa</key>
			<string>PBXSourcesBuildPhase</string>
			<key>runOnlyForDeploymentPostprocessing</key>
			<string>0</string>
		</dict>
		<key>BEE157D318D2F33900FFCB6B</key>
		<dict>
			<key>buildActionMask</key>
			<string>2147483647</string>
			<key>files</key>
			<array>
				<string>BEE157D718D2F33900FFCB6B</string>
				<string>BEE157D818D2F33900FFCB6B</string>
				<string>BEE157DC18D2F33A00FFCB6B</string>
			</array>
			<key>isa</key>
			<string>PBXFrameworksBuildPhase</string>
			<key>runOnlyForDeploymentPostprocessing</key>
			<string>0</string>
		</dict>
		<key>BEE157D418D2F33900FFCB6B</key>
		<dict>
			<key>buildActionMask</key>
			<string>2147483647</string>
			<key>files</key>
			<array>
				<string>BE98F69818D6F59C001EC84E</string>
				<string>BEE157E218D2F33A00FFCB6B</string>
			</array>
			<key>isa</key>
			<string>PBXResourcesBuildPhase</string>
			<key>runOnlyForDeploymentPostprocessing</key>
			<string>0</string>
		</dict>
		<key>BEE157D518D2F33900FFCB6B</key>
		<dict>
			<key>buildConfigurationList</key>
			<string>BEE157EA18D2F33A00FFCB6B</string>
			<key>buildPhases</key>
			<array>
				<string>BEE157D218D2F33900FFCB6B</string>
				<string>BEE157D318D2F33900FFCB6B</string>
				<string>BEE157D418D2F33900FFCB6B</string>
			</array>
			<key>buildRules</key>
			<array/>
			<key>dependencies</key>
			<array>
				<string>BEE157DB18D2F33A00FFCB6B</string>
			</array>
			<key>isa</key>
			<string>PBXNativeTarget</string>
			<key>name</key>
			<string>syncano-ios-libraryTests</string>
			<key>productName</key>
			<string>syncano-ios-libraryTests</string>
			<key>productReference</key>
			<string>BEE157D618D2F33900FFCB6B</string>
			<key>productType</key>
			<string>com.apple.product-type.bundle.unit-test</string>
		</dict>
		<key>BEE157D618D2F33900FFCB6B</key>
		<dict>
			<key>explicitFileType</key>
			<string>wrapper.cfbundle</string>
			<key>includeInIndex</key>
			<string>0</string>
			<key>isa</key>
			<string>PBXFileReference</string>
			<key>path</key>
			<string>syncano-ios-libraryTests.xctest</string>
			<key>sourceTree</key>
			<string>BUILT_PRODUCTS_DIR</string>
		</dict>
		<key>BEE157D718D2F33900FFCB6B</key>
		<dict>
			<key>fileRef</key>
			<string>152D0737186863B00020A116</string>
			<key>isa</key>
			<string>PBXBuildFile</string>
		</dict>
		<key>BEE157D818D2F33900FFCB6B</key>
		<dict>
			<key>fileRef</key>
			<string>152D0729186863B00020A116</string>
			<key>isa</key>
			<string>PBXBuildFile</string>
		</dict>
		<key>BEE157DA18D2F33A00FFCB6B</key>
		<dict>
			<key>containerPortal</key>
			<string>152D071A186863B00020A116</string>
			<key>isa</key>
			<string>PBXContainerItemProxy</string>
			<key>proxyType</key>
			<string>1</string>
			<key>remoteGlobalIDString</key>
			<string>BEE157C818D2F33900FFCB6B</string>
			<key>remoteInfo</key>
			<string>syncano-ios-library</string>
		</dict>
		<key>BEE157DB18D2F33A00FFCB6B</key>
		<dict>
			<key>isa</key>
			<string>PBXTargetDependency</string>
			<key>target</key>
			<string>BEE157C818D2F33900FFCB6B</string>
			<key>targetProxy</key>
			<string>BEE157DA18D2F33A00FFCB6B</string>
		</dict>
		<key>BEE157DC18D2F33A00FFCB6B</key>
		<dict>
			<key>fileRef</key>
			<string>BEE157C918D2F33900FFCB6B</string>
			<key>isa</key>
			<string>PBXBuildFile</string>
		</dict>
		<key>BEE157DD18D2F33A00FFCB6B</key>
		<dict>
			<key>children</key>
			<array>
				<string>BEE157E318D2F33A00FFCB6B</string>
				<string>BEE157DE18D2F33A00FFCB6B</string>
			</array>
			<key>isa</key>
			<string>PBXGroup</string>
			<key>path</key>
			<string>syncano-ios-libraryTests</string>
			<key>sourceTree</key>
			<string>&lt;group&gt;</string>
		</dict>
		<key>BEE157DE18D2F33A00FFCB6B</key>
		<dict>
			<key>children</key>
			<array>
				<string>BEE157DF18D2F33A00FFCB6B</string>
				<string>BEE157E018D2F33A00FFCB6B</string>
			</array>
			<key>isa</key>
			<string>PBXGroup</string>
			<key>name</key>
			<string>Supporting Files</string>
			<key>sourceTree</key>
			<string>&lt;group&gt;</string>
		</dict>
		<key>BEE157DF18D2F33A00FFCB6B</key>
		<dict>
			<key>isa</key>
			<string>PBXFileReference</string>
			<key>lastKnownFileType</key>
			<string>text.plist.xml</string>
			<key>path</key>
			<string>syncano-ios-libraryTests-Info.plist</string>
			<key>sourceTree</key>
			<string>&lt;group&gt;</string>
		</dict>
		<key>BEE157E018D2F33A00FFCB6B</key>
		<dict>
			<key>children</key>
			<array>
				<string>BEE157E118D2F33A00FFCB6B</string>
			</array>
			<key>isa</key>
			<string>PBXVariantGroup</string>
			<key>name</key>
			<string>InfoPlist.strings</string>
			<key>sourceTree</key>
			<string>&lt;group&gt;</string>
		</dict>
		<key>BEE157E118D2F33A00FFCB6B</key>
		<dict>
			<key>isa</key>
			<string>PBXFileReference</string>
			<key>lastKnownFileType</key>
			<string>text.plist.strings</string>
			<key>name</key>
			<string>en</string>
			<key>path</key>
			<string>en.lproj/InfoPlist.strings</string>
			<key>sourceTree</key>
			<string>&lt;group&gt;</string>
		</dict>
		<key>BEE157E218D2F33A00FFCB6B</key>
		<dict>
			<key>fileRef</key>
			<string>BEE157E018D2F33A00FFCB6B</string>
			<key>isa</key>
			<string>PBXBuildFile</string>
		</dict>
		<key>BEE157E318D2F33A00FFCB6B</key>
		<dict>
			<key>isa</key>
			<string>PBXFileReference</string>
			<key>lastKnownFileType</key>
			<string>sourcecode.c.objc</string>
			<key>path</key>
			<string>syncano_ios_libraryTests.m</string>
			<key>sourceTree</key>
			<string>&lt;group&gt;</string>
		</dict>
		<key>BEE157E418D2F33A00FFCB6B</key>
		<dict>
			<key>fileRef</key>
			<string>BEE157E318D2F33A00FFCB6B</string>
			<key>isa</key>
			<string>PBXBuildFile</string>
		</dict>
		<key>BEE157E518D2F33A00FFCB6B</key>
		<dict>
			<key>baseConfigurationReference</key>
			<string>D12CE4B6407A0DEBB95D1000</string>
			<key>buildSettings</key>
			<dict>
				<key>ARCHS</key>
				<string>$(ARCHS_STANDARD)</string>
				<key>DSTROOT</key>
				<string>/tmp/syncano_ios_library.dst</string>
				<key>GCC_PRECOMPILE_PREFIX_HEADER</key>
				<string>YES</string>
				<key>GCC_PREFIX_HEADER</key>
				<string>syncano-ios-library/syncano-ios-library-Prefix.pch</string>
				<key>GCC_PREPROCESSOR_DEFINITIONS</key>
				<array>
					<string>DEBUG=1</string>
					<string>$(inherited)</string>
				</array>
				<key>GCC_WARN_UNINITIALIZED_AUTOS</key>
				<string>YES_AGGRESSIVE</string>
				<key>IPHONEOS_DEPLOYMENT_TARGET</key>
				<string>7.1</string>
				<key>LIBRARY_SEARCH_PATHS</key>
				<array>
					<string>$(inherited)</string>
					<string>$(PROJECT_DIR)/Pods/build/Release-iphoneos</string>
				</array>
				<key>OTHER_LDFLAGS</key>
				<string>$(inherited)</string>
				<key>PRODUCT_NAME</key>
				<string>$(TARGET_NAME)</string>
				<key>SKIP_INSTALL</key>
				<string>YES</string>
			</dict>
			<key>isa</key>
			<string>XCBuildConfiguration</string>
			<key>name</key>
			<string>Debug</string>
		</dict>
		<key>BEE157E618D2F33A00FFCB6B</key>
		<dict>
			<key>baseConfigurationReference</key>
			<string>2B1E7E6C68734486889515FF</string>
			<key>buildSettings</key>
			<dict>
				<key>ARCHS</key>
				<string>$(ARCHS_STANDARD)</string>
				<key>DSTROOT</key>
				<string>/tmp/syncano_ios_library.dst</string>
				<key>GCC_PRECOMPILE_PREFIX_HEADER</key>
				<string>YES</string>
				<key>GCC_PREFIX_HEADER</key>
				<string>syncano-ios-library/syncano-ios-library-Prefix.pch</string>
				<key>GCC_WARN_UNINITIALIZED_AUTOS</key>
				<string>YES_AGGRESSIVE</string>
				<key>IPHONEOS_DEPLOYMENT_TARGET</key>
				<string>7.1</string>
				<key>LIBRARY_SEARCH_PATHS</key>
				<array>
					<string>$(inherited)</string>
					<string>$(PROJECT_DIR)/Pods/build/Release-iphoneos</string>
				</array>
				<key>OTHER_LDFLAGS</key>
				<string>$(inherited)</string>
				<key>PRODUCT_NAME</key>
				<string>$(TARGET_NAME)</string>
				<key>SKIP_INSTALL</key>
				<string>YES</string>
			</dict>
			<key>isa</key>
			<string>XCBuildConfiguration</string>
			<key>name</key>
			<string>Release</string>
		</dict>
		<key>BEE157E718D2F33A00FFCB6B</key>
		<dict>
			<key>buildSettings</key>
			<dict>
				<key>BUNDLE_LOADER</key>
				<string>$(BUILT_PRODUCTS_DIR)/</string>
				<key>FRAMEWORK_SEARCH_PATHS</key>
				<array>
					<string>$(SDKROOT)/Developer/Library/Frameworks</string>
					<string>$(inherited)</string>
					<string>$(DEVELOPER_FRAMEWORKS_DIR)</string>
				</array>
				<key>GCC_PRECOMPILE_PREFIX_HEADER</key>
				<string>YES</string>
				<key>GCC_PREFIX_HEADER</key>
				<string>syncano-ios-library/syncano-ios-library-Prefix.pch</string>
				<key>GCC_PREPROCESSOR_DEFINITIONS</key>
				<array>
					<string>DEBUG=1</string>
					<string>$(inherited)</string>
				</array>
				<key>GCC_WARN_UNINITIALIZED_AUTOS</key>
				<string>YES_AGGRESSIVE</string>
				<key>INFOPLIST_FILE</key>
				<string>syncano-ios-libraryTests/syncano-ios-libraryTests-Info.plist</string>
				<key>IPHONEOS_DEPLOYMENT_TARGET</key>
				<string>7.1</string>
				<key>PRODUCT_NAME</key>
				<string>$(TARGET_NAME)</string>
				<key>TEST_HOST</key>
				<string>$(BUNDLE_LOADER)</string>
				<key>WRAPPER_EXTENSION</key>
				<string>xctest</string>
			</dict>
			<key>isa</key>
			<string>XCBuildConfiguration</string>
			<key>name</key>
			<string>Debug</string>
		</dict>
		<key>BEE157E818D2F33A00FFCB6B</key>
		<dict>
			<key>buildSettings</key>
			<dict>
				<key>BUNDLE_LOADER</key>
				<string>$(BUILT_PRODUCTS_DIR)/</string>
				<key>FRAMEWORK_SEARCH_PATHS</key>
				<array>
					<string>$(SDKROOT)/Developer/Library/Frameworks</string>
					<string>$(inherited)</string>
					<string>$(DEVELOPER_FRAMEWORKS_DIR)</string>
				</array>
				<key>GCC_PRECOMPILE_PREFIX_HEADER</key>
				<string>YES</string>
				<key>GCC_PREFIX_HEADER</key>
				<string>syncano-ios-library/syncano-ios-library-Prefix.pch</string>
				<key>GCC_WARN_UNINITIALIZED_AUTOS</key>
				<string>YES_AGGRESSIVE</string>
				<key>INFOPLIST_FILE</key>
				<string>syncano-ios-libraryTests/syncano-ios-libraryTests-Info.plist</string>
				<key>IPHONEOS_DEPLOYMENT_TARGET</key>
				<string>7.1</string>
				<key>PRODUCT_NAME</key>
				<string>$(TARGET_NAME)</string>
				<key>TEST_HOST</key>
				<string>$(BUNDLE_LOADER)</string>
				<key>WRAPPER_EXTENSION</key>
				<string>xctest</string>
			</dict>
			<key>isa</key>
			<string>XCBuildConfiguration</string>
			<key>name</key>
			<string>Release</string>
		</dict>
		<key>BEE157E918D2F33A00FFCB6B</key>
		<dict>
			<key>buildConfigurations</key>
			<array>
				<string>BEE157E518D2F33A00FFCB6B</string>
				<string>BEE157E618D2F33A00FFCB6B</string>
			</array>
			<key>defaultConfigurationIsVisible</key>
			<string>0</string>
			<key>defaultConfigurationName</key>
			<string>Release</string>
			<key>isa</key>
			<string>XCConfigurationList</string>
		</dict>
		<key>BEE157EA18D2F33A00FFCB6B</key>
		<dict>
			<key>buildConfigurations</key>
			<array>
				<string>BEE157E718D2F33A00FFCB6B</string>
				<string>BEE157E818D2F33A00FFCB6B</string>
			</array>
			<key>defaultConfigurationIsVisible</key>
			<string>0</string>
			<key>defaultConfigurationName</key>
			<string>Release</string>
			<key>isa</key>
			<string>XCConfigurationList</string>
		</dict>
		<key>BEE157EB18D2F40200FFCB6B</key>
		<dict>
			<key>fileRef</key>
			<string>15791F8218842CAF00889728</string>
			<key>isa</key>
			<string>PBXBuildFile</string>
		</dict>
		<key>BEE157ED18D2F57A00FFCB6B</key>
		<dict>
			<key>fileRef</key>
			<string>152D07521868641F0020A116</string>
			<key>isa</key>
			<string>PBXBuildFile</string>
		</dict>
		<key>BEE157EE18D2F57A00FFCB6B</key>
		<dict>
			<key>fileRef</key>
			<string>15AAADAA1876CB7F00139A47</string>
			<key>isa</key>
			<string>PBXBuildFile</string>
		</dict>
		<key>BEE157EF18D2F57A00FFCB6B</key>
		<dict>
			<key>fileRef</key>
			<string>154C0862187DAEBD0014270F</string>
			<key>isa</key>
			<string>PBXBuildFile</string>
		</dict>
		<key>BEE157F018D2F57A00FFCB6B</key>
		<dict>
			<key>fileRef</key>
			<string>150B59771886CD4D00E1F9C2</string>
			<key>isa</key>
			<string>PBXBuildFile</string>
		</dict>
		<key>BEE157F118D2F57A00FFCB6B</key>
		<dict>
			<key>fileRef</key>
			<string>152D075A186865020020A116</string>
			<key>isa</key>
			<string>PBXBuildFile</string>
		</dict>
		<key>BEE157F218D2F57A00FFCB6B</key>
		<dict>
			<key>fileRef</key>
			<string>15AEA8BE18D0AEAF0046A35D</string>
			<key>isa</key>
			<string>PBXBuildFile</string>
		</dict>
		<key>BEE157F318D2F57A00FFCB6B</key>
		<dict>
			<key>fileRef</key>
			<string>15AEA8C218D0AF2D0046A35D</string>
			<key>isa</key>
			<string>PBXBuildFile</string>
		</dict>
		<key>BEE157F418D2F57A00FFCB6B</key>
		<dict>
			<key>fileRef</key>
			<string>15AEA8C618D0AF470046A35D</string>
			<key>isa</key>
			<string>PBXBuildFile</string>
		</dict>
		<key>BEE157F518D2F57A00FFCB6B</key>
		<dict>
			<key>fileRef</key>
			<string>15869697187C09DC008A23AC</string>
			<key>isa</key>
			<string>PBXBuildFile</string>
		</dict>
		<key>BEE157F618D2F57A00FFCB6B</key>
		<dict>
			<key>fileRef</key>
			<string>15AAADAE1877221D00139A47</string>
			<key>isa</key>
			<string>PBXBuildFile</string>
		</dict>
		<key>BEE157F718D2F57A00FFCB6B</key>
		<dict>
			<key>fileRef</key>
			<string>15AAADB2187726B800139A47</string>
			<key>isa</key>
			<string>PBXBuildFile</string>
		</dict>
		<key>BEE157F818D2F57A00FFCB6B</key>
		<dict>
			<key>fileRef</key>
			<string>15869693187C06C8008A23AC</string>
			<key>isa</key>
			<string>PBXBuildFile</string>
		</dict>
		<key>BEE157F918D2F57A00FFCB6B</key>
		<dict>
			<key>fileRef</key>
			<string>1586969B187C2CB8008A23AC</string>
			<key>isa</key>
			<string>PBXBuildFile</string>
		</dict>
		<key>BEE157FA18D2F57A00FFCB6B</key>
		<dict>
			<key>fileRef</key>
			<string>151E697518D22C850034BBEB</string>
			<key>isa</key>
			<string>PBXBuildFile</string>
		</dict>
		<key>BEE157FB18D2F57A00FFCB6B</key>
		<dict>
			<key>fileRef</key>
			<string>1586969F187C317B008A23AC</string>
			<key>isa</key>
			<string>PBXBuildFile</string>
		</dict>
		<key>BEE157FC18D2F57A00FFCB6B</key>
		<dict>
			<key>fileRef</key>
			<string>158696A3187C32BD008A23AC</string>
			<key>isa</key>
			<string>PBXBuildFile</string>
		</dict>
		<key>BEE157FD18D2F57A00FFCB6B</key>
		<dict>
			<key>fileRef</key>
			<string>152D075E1868650F0020A116</string>
			<key>isa</key>
			<string>PBXBuildFile</string>
		</dict>
		<key>BEE157FE18D2F57A00FFCB6B</key>
		<dict>
			<key>fileRef</key>
			<string>15AEA8CA18D0AF7A0046A35D</string>
			<key>isa</key>
			<string>PBXBuildFile</string>
		</dict>
		<key>BEE157FF18D2F57A00FFCB6B</key>
		<dict>
			<key>fileRef</key>
			<string>15AEA8CE18D0AF930046A35D</string>
			<key>isa</key>
			<string>PBXBuildFile</string>
		</dict>
		<key>BEE1580018D2F57A00FFCB6B</key>
		<dict>
			<key>fileRef</key>
			<string>15AEA8D218D0AFA70046A35D</string>
			<key>isa</key>
			<string>PBXBuildFile</string>
		</dict>
		<key>BEE1580118D2F57A00FFCB6B</key>
		<dict>
			<key>fileRef</key>
			<string>15F55CD6187EBFBA001BC840</string>
			<key>isa</key>
			<string>PBXBuildFile</string>
		</dict>
		<key>BEE1580218D2F57A00FFCB6B</key>
		<dict>
			<key>fileRef</key>
			<string>15F55CDA187EC11E001BC840</string>
			<key>isa</key>
			<string>PBXBuildFile</string>
		</dict>
		<key>BEE1580318D2F57A00FFCB6B</key>
		<dict>
			<key>fileRef</key>
			<string>15F55CDE187EC412001BC840</string>
			<key>isa</key>
			<string>PBXBuildFile</string>
		</dict>
		<key>BEE1580418D2F57A00FFCB6B</key>
		<dict>
			<key>fileRef</key>
			<string>15F55CE2187EC4A2001BC840</string>
			<key>isa</key>
			<string>PBXBuildFile</string>
		</dict>
		<key>BEE1580518D2F57A00FFCB6B</key>
		<dict>
			<key>fileRef</key>
			<string>15F55CE6187EC6BA001BC840</string>
			<key>isa</key>
			<string>PBXBuildFile</string>
		</dict>
		<key>BEE1580618D2F57A00FFCB6B</key>
		<dict>
			<key>fileRef</key>
			<string>151E697A18D22CB90034BBEB</string>
			<key>isa</key>
			<string>PBXBuildFile</string>
		</dict>
		<key>BEE1580718D2F57A00FFCB6B</key>
		<dict>
			<key>fileRef</key>
			<string>15F55CEA187EE8E9001BC840</string>
			<key>isa</key>
			<string>PBXBuildFile</string>
		</dict>
		<key>BEE1580818D2F57A00FFCB6B</key>
		<dict>
			<key>fileRef</key>
			<string>15F55CEE187EE979001BC840</string>
			<key>isa</key>
			<string>PBXBuildFile</string>
		</dict>
		<key>BEEB211118D23F5C00CAA197</key>
		<dict>
			<key>fileEncoding</key>
			<string>4</string>
			<key>isa</key>
			<string>PBXFileReference</string>
			<key>lastKnownFileType</key>
			<string>sourcecode.c.h</string>
			<key>name</key>
			<string>SyncanoProtocolPermissionRoles.h</string>
			<key>path</key>
			<string>Protocols/SyncanoProtocolPermissionRoles.h</string>
			<key>sourceTree</key>
			<string>&lt;group&gt;</string>
		</dict>
		<key>D12CE4B6407A0DEBB95D1000</key>
		<dict>
			<key>includeInIndex</key>
			<string>1</string>
			<key>isa</key>
			<string>PBXFileReference</string>
			<key>lastKnownFileType</key>
			<string>text.xcconfig</string>
			<key>name</key>
			<string>Pods.debug.xcconfig</string>
			<key>path</key>
			<string>Pods/Target Support Files/Pods/Pods.debug.xcconfig</string>
			<key>sourceTree</key>
			<string>&lt;group&gt;</string>
		</dict>
		<key>F191ABFCE5813162A7A025B7</key>
		<dict>
			<key>children</key>
			<array>
				<string>D12CE4B6407A0DEBB95D1000</string>
				<string>2B1E7E6C68734486889515FF</string>
			</array>
			<key>isa</key>
			<string>PBXGroup</string>
			<key>name</key>
			<string>Pods</string>
			<key>sourceTree</key>
			<string>&lt;group&gt;</string>
		</dict>
	</dict>
	<key>rootObject</key>
	<string>152D071A186863B00020A116</string>
</dict>
</plist>
